PODS:
  - Alamofire (4.8.0)
  - AppAuth (1.5.0):
    - AppAuth/Core (= 1.5.0)
    - AppAuth/ExternalUserAgent (= 1.5.0)
  - AppAuth/Core (1.5.0)
  - AppAuth/ExternalUserAgent (1.5.0):
    - AppAuth/Core
  - Automattic-Tracks-iOS (0.11.1):
    - Sentry (~> 6)
    - Sodium (>= 0.9.1)
    - UIDeviceIdentifier (~> 2.0)
  - CocoaLumberjack (3.7.4):
    - CocoaLumberjack/Core (= 3.7.4)
  - CocoaLumberjack/Core (3.7.4)
  - CocoaLumberjack/Swift (3.7.4):
    - CocoaLumberjack/Core
  - FormatterKit/Resources (1.9.0)
  - FormatterKit/TimeIntervalFormatter (1.9.0):
    - FormatterKit/Resources
  - GoogleSignIn (6.0.2):
    - AppAuth (~> 1.4)
    - GTMAppAuth (~> 1.0)
    - GTMSessionFetcher/Core (~> 1.1)
  - Gridicons (1.2.0)
  - GTMAppAuth (1.3.0):
    - AppAuth/Core (~> 1.4)
    - GTMSessionFetcher/Core (~> 1.5)
  - GTMSessionFetcher/Core (1.7.2)
  - KeychainAccess (4.2.2)
  - Kingfisher (7.2.2)
  - NSObject-SafeExpectations (0.0.4)
  - "NSURL+IDN (0.4)"
  - Sentry (6.2.1):
    - Sentry/Core (= 6.2.1)
  - Sentry/Core (6.2.1)
  - Sodium (0.9.1)
  - Sourcery (1.0.3)
  - StripeTerminal (2.7.0)
  - SVProgressHUD (2.2.5)
  - UIDeviceIdentifier (2.0.0)
  - WordPress-Aztec-iOS (1.11.0)
  - WordPress-Editor-iOS (1.11.0):
    - WordPress-Aztec-iOS (= 1.11.0)
  - WordPressAuthenticator (2.2.1-beta.2):
    - Alamofire (~> 4.8)
    - CocoaLumberjack (~> 3.5)
    - GoogleSignIn (~> 6.0.1)
    - Gridicons (~> 1.0)
    - "NSURL+IDN (= 0.4)"
    - SVProgressHUD (~> 2.2.5)
    - WordPressKit (~> 4.18-beta)
    - WordPressShared (~> 1.12-beta)
    - WordPressUI (~> 1.7-beta)
  - WordPressKit (4.49.0):
    - Alamofire (~> 4.8.0)
    - CocoaLumberjack (~> 3.4)
    - NSObject-SafeExpectations (= 0.0.4)
    - UIDeviceIdentifier (~> 2.0)
    - WordPressShared (~> 1.15-beta)
    - wpxmlrpc (~> 0.9)
  - WordPressShared (1.16.1):
    - CocoaLumberjack (~> 3.4)
    - FormatterKit/TimeIntervalFormatter (~> 1.8)
  - WordPressUI (1.12.5)
  - Wormholy (1.6.5)
  - WPMediaPicker (1.8.1)
  - wpxmlrpc (0.9.0)
  - XLPagerTabStrip (9.0.0)
  - ZendeskCommonUISDK (6.1.1)
  - ZendeskCoreSDK (2.5.1)
  - ZendeskMessagingAPISDK (3.8.2):
    - ZendeskSDKConfigurationsSDK (~> 1.1.8)
  - ZendeskMessagingSDK (3.8.2):
    - ZendeskCommonUISDK (~> 6.1.1)
    - ZendeskMessagingAPISDK (~> 3.8.2)
  - ZendeskSDKConfigurationsSDK (1.1.8)
  - ZendeskSupportProvidersSDK (5.3.0):
    - ZendeskCoreSDK (~> 2.5.1)
  - ZendeskSupportSDK (5.3.0):
    - ZendeskMessagingSDK (~> 3.8.2)
    - ZendeskSupportProvidersSDK (~> 5.3.0)

DEPENDENCIES:
  - Alamofire (~> 4.8)
  - Automattic-Tracks-iOS (~> 0.11.1)
  - CocoaLumberjack (~> 3.7.4)
  - CocoaLumberjack/Swift (~> 3.7.4)
  - Gridicons (~> 1.2.0)
  - KeychainAccess (~> 4.2.2)
  - Kingfisher (~> 7.2.2)
  - Sourcery (~> 1.0.3)
  - StripeTerminal (~> 2.7)
  - WordPress-Editor-iOS (~> 1.11.0)
  - WordPressAuthenticator (from `https://github.com/wordpress-mobile/WordPressAuthenticator-iOS.git`, commit `7cdd0c6e44fb1f5356a974cdd6a05c3d2d5210f6`)
  - WordPressKit (~> 4.49.0)
  - WordPressShared (~> 1.15)
  - WordPressUI (~> 1.12.5)
  - Wormholy (~> 1.6.5)
  - WPMediaPicker (~> 1.8.1)
  - XLPagerTabStrip (~> 9.0)
  - ZendeskSupportSDK (~> 5.0)

SPEC REPOS:
  trunk:
    - Alamofire
    - AppAuth
    - Automattic-Tracks-iOS
    - CocoaLumberjack
    - FormatterKit
    - GoogleSignIn
    - Gridicons
    - GTMAppAuth
    - GTMSessionFetcher
    - KeychainAccess
    - Kingfisher
    - NSObject-SafeExpectations
    - "NSURL+IDN"
    - Sentry
    - Sodium
    - Sourcery
    - StripeTerminal
    - SVProgressHUD
    - UIDeviceIdentifier
    - WordPress-Aztec-iOS
    - WordPress-Editor-iOS
    - WordPressKit
    - WordPressShared
    - WordPressUI
    - Wormholy
    - WPMediaPicker
    - wpxmlrpc
    - XLPagerTabStrip
    - ZendeskCommonUISDK
    - ZendeskCoreSDK
    - ZendeskMessagingAPISDK
    - ZendeskMessagingSDK
    - ZendeskSDKConfigurationsSDK
    - ZendeskSupportProvidersSDK
    - ZendeskSupportSDK

EXTERNAL SOURCES:
  WordPressAuthenticator:
    :commit: 7cdd0c6e44fb1f5356a974cdd6a05c3d2d5210f6
    :git: https://github.com/wordpress-mobile/WordPressAuthenticator-iOS.git

CHECKOUT OPTIONS:
  WordPressAuthenticator:
    :commit: 7cdd0c6e44fb1f5356a974cdd6a05c3d2d5210f6
    :git: https://github.com/wordpress-mobile/WordPressAuthenticator-iOS.git

SPEC CHECKSUMS:
  Alamofire: 3ec537f71edc9804815215393ae2b1a8ea33a844
  AppAuth: 80317d99ac7ff2801a2f18ff86b48cd315ed465d
  Automattic-Tracks-iOS: 5cd49d3acf76c26b92b4094d34ba84e6b55e5425
  CocoaLumberjack: 543c79c114dadc3b1aba95641d8738b06b05b646
  FormatterKit: 184db51bf120b633693a73624a4cede89ec51a41
  GoogleSignIn: fd381840dbe7c1137aa6dc30849a5c3e070c034a
  Gridicons: 4455b9f366960121430e45997e32112ae49ffe1d
  GTMAppAuth: 4d8f864896f3646f0c33baf38a28362f4c601e15
  GTMSessionFetcher: 5595ec75acf5be50814f81e9189490412bad82ba
  KeychainAccess: c0c4f7f38f6fc7bbe58f5702e25f7bd2f65abf51
  Kingfisher: 184d4d1a8c36666e663caf8e08abe87898595c53
  NSObject-SafeExpectations: ab8fe623d36b25aa1f150affa324e40a2f3c0374
  "NSURL+IDN": afc873e639c18138a1589697c3add197fe8679ca
  Sentry: 9b922b396b0e0bca8516a10e36b0ea3ebea5faf7
  Sodium: 23d11554ecd556196d313cf6130d406dfe7ac6da
  Sourcery: 70a6048014bd4f37ea80e6bd4354d47bf3b760e1
  StripeTerminal: 237b759168a00c7f55b97c743cd8a4921866c46b
  SVProgressHUD: 1428aafac632c1f86f62aa4243ec12008d7a51d6
  UIDeviceIdentifier: af4e11e25a2ea670078e2bd677bb0e8144f9f063
  WordPress-Aztec-iOS: 050b34d4c3adfb7c60363849049b13d60683b348
  WordPress-Editor-iOS: 304098424f1051cb271546c99f906aac296b1b81
  WordPressAuthenticator: 309e3c060d1a777a1d691d393f0e17b8d3484791
  WordPressKit: 96deb6ba37ea5eaec4ddcaa53eca04d653246152
  WordPressShared: 5477f179c7fe03b5d574f91adda66f67d131827e
  WordPressUI: c5be816f6c7b3392224ac21de9e521e89fa108ac
  Wormholy: 3252bc3e55a1847ef9a0976c1377bd77bf3635fa
  WPMediaPicker: 9011a0ec1f468c039af7485c244576b4c9889a0f
  wpxmlrpc: bf55a43a7e710bd2a4fb8c02dfe83b1246f14f13
  XLPagerTabStrip: 61c57fd61f611ee5f01ff1495ad6fbee8bf496c5
  ZendeskCommonUISDK: 5808802951ad2bb424f0bed4259dc3c0ce9b52ec
  ZendeskCoreSDK: 19a18e5ef2edcb18f4dbc0ea0d12bd31f515712a
  ZendeskMessagingAPISDK: 144e0fb0e633a3c4e73149b781ab65338938d5a8
  ZendeskMessagingSDK: 500e83d9413481e95180c37ddca0d4ef9d515600
  ZendeskSDKConfigurationsSDK: 8371b468db0d09e9198f6c5a97818826943ee1ee
  ZendeskSupportProvidersSDK: 2bdf8544f7cd0fd4c002546f5704b813845beb2a
  ZendeskSupportSDK: 3a8e508ab1d9dd22dc038df6c694466414e037ba

PODFILE CHECKSUM: 30045b07a3881a6fb49591b61b35fb20233ebae0

COCOAPODS: 1.11.2
