// !$*UTF8*$!
{
	archiveVersion = 1;
	classes = {
	};
	objectVersion = 48;
	objects = {

/* Begin PBXBuildFile section */
		B50911302049E27A007D25DC /* DashboardViewController.swift in Sources */ = {isa = PBXBuildFile; fileRef = B509112D2049E27A007D25DC /* DashboardViewController.swift */; };
		B50911312049E27A007D25DC /* OrdersViewController.swift in Sources */ = {isa = PBXBuildFile; fileRef = B509112E2049E27A007D25DC /* OrdersViewController.swift */; };
		B50911322049E27A007D25DC /* SettingsViewController.swift in Sources */ = {isa = PBXBuildFile; fileRef = B509112F2049E27A007D25DC /* SettingsViewController.swift */; };
		B50911342049E493007D25DC /* Order.swift in Sources */ = {isa = PBXBuildFile; fileRef = B50911332049E493007D25DC /* Order.swift */; };
		B557DA1520979904005962F4 /* CustomerNoteTableViewCell.swift in Sources */ = {isa = PBXBuildFile; fileRef = B557DA1320979904005962F4 /* CustomerNoteTableViewCell.swift */; };
		B557DA1620979904005962F4 /* CustomerNoteTableViewCell.xib in Resources */ = {isa = PBXBuildFile; fileRef = B557DA1420979904005962F4 /* CustomerNoteTableViewCell.xib */; };
		B559EBAF20A0BF8F00836CD4 /* README.md in Resources */ = {isa = PBXBuildFile; fileRef = B559EBAD20A0BF8E00836CD4 /* README.md */; };
		B559EBB020A0BF8F00836CD4 /* LICENSE in Resources */ = {isa = PBXBuildFile; fileRef = B559EBAE20A0BF8F00836CD4 /* LICENSE */; };
		B55D4BFD20B5CDE700D7A50F /* replace_secrets.rb in Resources */ = {isa = PBXBuildFile; fileRef = B55D4BFB20B5CDE600D7A50F /* replace_secrets.rb */; };
		B55D4C0220B5CE3D00D7A50F /* ApiCredentials.swift in Sources */ = {isa = PBXBuildFile; fileRef = B55D4C0020B5CE3D00D7A50F /* ApiCredentials.swift */; };
		B5650B0920A4CD7F009702D0 /* FluxSumi.framework in Frameworks */ = {isa = PBXBuildFile; fileRef = B546CCF3209363A5007CDA5F /* FluxSumi.framework */; };
		B5650B0A20A4CD7F009702D0 /* FluxSumi.framework in Embed Frameworks */ = {isa = PBXBuildFile; fileRef = B546CCF3209363A5007CDA5F /* FluxSumi.framework */; settings = {ATTRIBUTES = (CodeSignOnCopy, RemoveHeadersOnCopy, ); }; };
		B5650B0E20A4CD7F009702D0 /* Networking.framework in Frameworks */ = {isa = PBXBuildFile; fileRef = B557D9FD209753BB005962F4 /* Networking.framework */; };
		B5650B0F20A4CD7F009702D0 /* Networking.framework in Embed Frameworks */ = {isa = PBXBuildFile; fileRef = B557D9FD209753BB005962F4 /* Networking.framework */; settings = {ATTRIBUTES = (CodeSignOnCopy, RemoveHeadersOnCopy, ); }; };
		B56DB3CA2049BFAA00D4AA8E /* AppDelegate.swift in Sources */ = {isa = PBXBuildFile; fileRef = B56DB3C92049BFAA00D4AA8E /* AppDelegate.swift */; };
		B56DB3CF2049BFAA00D4AA8E /* Main.storyboard in Resources */ = {isa = PBXBuildFile; fileRef = B56DB3CD2049BFAA00D4AA8E /* Main.storyboard */; };
		B56DB3D22049BFAA00D4AA8E /* WooCommerce.xcdatamodeld in Sources */ = {isa = PBXBuildFile; fileRef = B56DB3D02049BFAA00D4AA8E /* WooCommerce.xcdatamodeld */; };
		B56DB3D42049BFAA00D4AA8E /* Assets.xcassets in Resources */ = {isa = PBXBuildFile; fileRef = B56DB3D32049BFAA00D4AA8E /* Assets.xcassets */; };
		B56DB3D72049BFAA00D4AA8E /* LaunchScreen.storyboard in Resources */ = {isa = PBXBuildFile; fileRef = B56DB3D52049BFAA00D4AA8E /* LaunchScreen.storyboard */; };
		B5EE26C020A5EE6600468622 /* Storage.framework in Frameworks */ = {isa = PBXBuildFile; fileRef = B5EE26BF20A5EE6600468622 /* Storage.framework */; };
		B5EE26C120A5EE8100468622 /* Storage.framework in Frameworks */ = {isa = PBXBuildFile; fileRef = B5EE26BF20A5EE6600468622 /* Storage.framework */; };
		B5EE26C220A5EE8100468622 /* Storage.framework in Embed Frameworks */ = {isa = PBXBuildFile; fileRef = B5EE26BF20A5EE6600468622 /* Storage.framework */; settings = {ATTRIBUTES = (CodeSignOnCopy, RemoveHeadersOnCopy, ); }; };
		CE17C2E220ACA06800AFBD20 /* BillingDetailsTableViewCell.swift in Sources */ = {isa = PBXBuildFile; fileRef = CE17C2E020ACA06800AFBD20 /* BillingDetailsTableViewCell.swift */; };
		CE17C2E320ACA06800AFBD20 /* BillingDetailsTableViewCell.xib in Resources */ = {isa = PBXBuildFile; fileRef = CE17C2E120ACA06800AFBD20 /* BillingDetailsTableViewCell.xib */; };
		CE1CCB402056F21C000EE3AC /* Style.swift in Sources */ = {isa = PBXBuildFile; fileRef = CE1CCB3F2056F21C000EE3AC /* Style.swift */; };
		CE1CCB4720570A6C000EE3AC /* en.lproj in Resources */ = {isa = PBXBuildFile; fileRef = CE1CCB4620570A6B000EE3AC /* en.lproj */; };
		CE1CCB4B20570B1F000EE3AC /* OrderListCell.swift in Sources */ = {isa = PBXBuildFile; fileRef = CE1CCB4A20570B1F000EE3AC /* OrderListCell.swift */; };
		CE1F51252064179A00C6C810 /* UILabel+Helpers.swift in Sources */ = {isa = PBXBuildFile; fileRef = CE1F51242064179A00C6C810 /* UILabel+Helpers.swift */; };
		CE1F51272064345B00C6C810 /* UIColor+Helpers.swift in Sources */ = {isa = PBXBuildFile; fileRef = CE1F51262064345B00C6C810 /* UIColor+Helpers.swift */; };
		CE1F512920697F0100C6C810 /* UIFont+Helpers.swift in Sources */ = {isa = PBXBuildFile; fileRef = CE1F512820697F0100C6C810 /* UIFont+Helpers.swift */; };
		CE1F512B206985DF00C6C810 /* PaddedLabel.swift in Sources */ = {isa = PBXBuildFile; fileRef = CE1F512A206985DF00C6C810 /* PaddedLabel.swift */; };
		CE263DE6206ACD220015A693 /* NotificationsViewController.swift in Sources */ = {isa = PBXBuildFile; fileRef = CE263DE5206ACD220015A693 /* NotificationsViewController.swift */; };
		CE263DE8206ACE3E0015A693 /* MainTabBarController.swift in Sources */ = {isa = PBXBuildFile; fileRef = CE263DE7206ACE3E0015A693 /* MainTabBarController.swift */; };
		CE34DA2520A1ECD6005D8523 /* ContactViewModel.swift in Sources */ = {isa = PBXBuildFile; fileRef = CE34DA2420A1ECD6005D8523 /* ContactViewModel.swift */; };
		CE4296B920A5E9E400B2AFBD /* CNContact+Helpers.swift in Sources */ = {isa = PBXBuildFile; fileRef = CE4296B820A5E9E400B2AFBD /* CNContact+Helpers.swift */; };
		CE85535D209B5BB700938BDC /* OrderDetailsViewModel.swift in Sources */ = {isa = PBXBuildFile; fileRef = CE85535C209B5BB700938BDC /* OrderDetailsViewModel.swift */; };
		CE855364209BA6A700938BDC /* ShowHideSectionFooter.swift in Sources */ = {isa = PBXBuildFile; fileRef = CE855360209BA6A700938BDC /* ShowHideSectionFooter.swift */; };
		CE855365209BA6A700938BDC /* CustomerInfoTableViewCell.xib in Resources */ = {isa = PBXBuildFile; fileRef = CE855361209BA6A700938BDC /* CustomerInfoTableViewCell.xib */; };
		CE855366209BA6A700938BDC /* CustomerInfoTableViewCell.swift in Sources */ = {isa = PBXBuildFile; fileRef = CE855362209BA6A700938BDC /* CustomerInfoTableViewCell.swift */; };
		CE855367209BA6A700938BDC /* ShowHideSectionFooter.xib in Resources */ = {isa = PBXBuildFile; fileRef = CE855363209BA6A700938BDC /* ShowHideSectionFooter.xib */; };
		CED6021D20B35FDF0032C639 /* NoResultsTableViewCell.swift in Sources */ = {isa = PBXBuildFile; fileRef = CED6021B20B35FDF0032C639 /* NoResultsTableViewCell.swift */; };
		CED6021E20B35FDF0032C639 /* NoResultsTableViewCell.xib in Resources */ = {isa = PBXBuildFile; fileRef = CED6021C20B35FDF0032C639 /* NoResultsTableViewCell.xib */; };
		CEE005F62076C4040079161F /* Orders.storyboard in Resources */ = {isa = PBXBuildFile; fileRef = CEE005F52076C4040079161F /* Orders.storyboard */; };
		CEE005F82077C9690079161F /* order-list.json in Resources */ = {isa = PBXBuildFile; fileRef = CEE005F72077C9690079161F /* order-list.json */; };
		CEE005FA2077C9C00079161F /* order-925.json in Resources */ = {isa = PBXBuildFile; fileRef = CEE005F92077C9C00079161F /* order-925.json */; };
		CEE005FC2077CA030079161F /* order-949.json in Resources */ = {isa = PBXBuildFile; fileRef = CEE005FB2077CA030079161F /* order-949.json */; };
		CEE005FE2077CA2F0079161F /* order-937.json in Resources */ = {isa = PBXBuildFile; fileRef = CEE005FD2077CA2F0079161F /* order-937.json */; };
		CEE006012077CA820079161F /* order-915.json in Resources */ = {isa = PBXBuildFile; fileRef = CEE006002077CA820079161F /* order-915.json */; };
		CEE006052077D1280079161F /* SummaryTableViewCell.swift in Sources */ = {isa = PBXBuildFile; fileRef = CEE006032077D1280079161F /* SummaryTableViewCell.swift */; };
		CEE006062077D1280079161F /* SummaryTableViewCell.xib in Resources */ = {isa = PBXBuildFile; fileRef = CEE006042077D1280079161F /* SummaryTableViewCell.xib */; };
		CEE006082077D14C0079161F /* OrderDetailsViewController.swift in Sources */ = {isa = PBXBuildFile; fileRef = CEE006072077D14C0079161F /* OrderDetailsViewController.swift */; };
		D03928FCB928A909F3675117 /* Pods_WooCommerce.framework in Frameworks */ = {isa = PBXBuildFile; fileRef = EA556E3CCFCFAC2E31799011 /* Pods_WooCommerce.framework */; };
/* End PBXBuildFile section */

/* Begin PBXContainerItemProxy section */
		B56DB3DE2049BFAA00D4AA8E /* PBXContainerItemProxy */ = {
			isa = PBXContainerItemProxy;
			containerPortal = B56DB3BE2049BFAA00D4AA8E /* Project object */;
			proxyType = 1;
			remoteGlobalIDString = B56DB3C52049BFAA00D4AA8E;
			remoteInfo = WooCommerce;
		};
/* End PBXContainerItemProxy section */

/* Begin PBXCopyFilesBuildPhase section */
		B5650B1020A4CD7F009702D0 /* Embed Frameworks */ = {
			isa = PBXCopyFilesBuildPhase;
			buildActionMask = 2147483647;
			dstPath = "";
			dstSubfolderSpec = 10;
			files = (
				B5650B0A20A4CD7F009702D0 /* FluxSumi.framework in Embed Frameworks */,
				B5650B0F20A4CD7F009702D0 /* Networking.framework in Embed Frameworks */,
				B5EE26C220A5EE8100468622 /* Storage.framework in Embed Frameworks */,
			);
			name = "Embed Frameworks";
			runOnlyForDeploymentPostprocessing = 0;
		};
/* End PBXCopyFilesBuildPhase section */

/* Begin PBXFileReference section */
		4567EA9A7711F9B576BE500C /* Pods-WooCommerce.release.xcconfig */ = {isa = PBXFileReference; includeInIndex = 1; lastKnownFileType = text.xcconfig; name = "Pods-WooCommerce.release.xcconfig"; path = "../Pods/Target Support Files/Pods-WooCommerce/Pods-WooCommerce.release.xcconfig"; sourceTree = "<group>"; };
		8F0FB96B941C02DB9A12C008 /* Pods-WooCommerce.debug.xcconfig */ = {isa = PBXFileReference; includeInIndex = 1; lastKnownFileType = text.xcconfig; name = "Pods-WooCommerce.debug.xcconfig"; path = "../Pods/Target Support Files/Pods-WooCommerce/Pods-WooCommerce.debug.xcconfig"; sourceTree = "<group>"; };
		B509112D2049E27A007D25DC /* DashboardViewController.swift */ = {isa = PBXFileReference; fileEncoding = 4; lastKnownFileType = sourcecode.swift; path = DashboardViewController.swift; sourceTree = "<group>"; };
		B509112E2049E27A007D25DC /* OrdersViewController.swift */ = {isa = PBXFileReference; fileEncoding = 4; lastKnownFileType = sourcecode.swift; path = OrdersViewController.swift; sourceTree = "<group>"; };
		B509112F2049E27A007D25DC /* SettingsViewController.swift */ = {isa = PBXFileReference; fileEncoding = 4; lastKnownFileType = sourcecode.swift; path = SettingsViewController.swift; sourceTree = "<group>"; };
		B50911332049E493007D25DC /* Order.swift */ = {isa = PBXFileReference; lastKnownFileType = sourcecode.swift; path = Order.swift; sourceTree = "<group>"; };
		B546CCF3209363A5007CDA5F /* FluxSumi.framework */ = {isa = PBXFileReference; explicitFileType = wrapper.framework; path = FluxSumi.framework; sourceTree = BUILT_PRODUCTS_DIR; };
		B557D9FD209753BB005962F4 /* Networking.framework */ = {isa = PBXFileReference; explicitFileType = wrapper.framework; path = Networking.framework; sourceTree = BUILT_PRODUCTS_DIR; };
		B557DA1320979904005962F4 /* CustomerNoteTableViewCell.swift */ = {isa = PBXFileReference; fileEncoding = 4; lastKnownFileType = sourcecode.swift; path = CustomerNoteTableViewCell.swift; sourceTree = "<group>"; };
		B557DA1420979904005962F4 /* CustomerNoteTableViewCell.xib */ = {isa = PBXFileReference; fileEncoding = 4; lastKnownFileType = file.xib; path = CustomerNoteTableViewCell.xib; sourceTree = "<group>"; };
		B559EBAD20A0BF8E00836CD4 /* README.md */ = {isa = PBXFileReference; fileEncoding = 4; lastKnownFileType = net.daringfireball.markdown; name = README.md; path = ../README.md; sourceTree = "<group>"; };
		B559EBAE20A0BF8F00836CD4 /* LICENSE */ = {isa = PBXFileReference; fileEncoding = 4; lastKnownFileType = text; name = LICENSE; path = ../LICENSE; sourceTree = "<group>"; };
		B55D4BFA20B5CDE600D7A50F /* ApiCredentials.swift */ = {isa = PBXFileReference; fileEncoding = 4; lastKnownFileType = sourcecode.swift; path = ApiCredentials.swift; sourceTree = "<group>"; };
		B55D4BFB20B5CDE600D7A50F /* replace_secrets.rb */ = {isa = PBXFileReference; fileEncoding = 4; lastKnownFileType = text.script.ruby; path = replace_secrets.rb; sourceTree = "<group>"; };
		B55D4C0020B5CE3D00D7A50F /* ApiCredentials.swift */ = {isa = PBXFileReference; fileEncoding = 4; lastKnownFileType = sourcecode.swift; path = ApiCredentials.swift; sourceTree = "<group>"; };
		B56DB3C62049BFAA00D4AA8E /* WooCommerce.app */ = {isa = PBXFileReference; explicitFileType = wrapper.application; includeInIndex = 0; path = WooCommerce.app; sourceTree = BUILT_PRODUCTS_DIR; };
		B56DB3C92049BFAA00D4AA8E /* AppDelegate.swift */ = {isa = PBXFileReference; lastKnownFileType = sourcecode.swift; path = AppDelegate.swift; sourceTree = "<group>"; };
		B56DB3CE2049BFAA00D4AA8E /* Base */ = {isa = PBXFileReference; lastKnownFileType = file.storyboard; name = Base; path = Base.lproj/Main.storyboard; sourceTree = "<group>"; };
		B56DB3D12049BFAA00D4AA8E /* WooCommerce.xcdatamodel */ = {isa = PBXFileReference; lastKnownFileType = wrapper.xcdatamodel; path = WooCommerce.xcdatamodel; sourceTree = "<group>"; };
		B56DB3D32049BFAA00D4AA8E /* Assets.xcassets */ = {isa = PBXFileReference; lastKnownFileType = folder.assetcatalog; path = Assets.xcassets; sourceTree = "<group>"; };
		B56DB3D62049BFAA00D4AA8E /* Base */ = {isa = PBXFileReference; lastKnownFileType = file.storyboard; name = Base; path = Base.lproj/LaunchScreen.storyboard; sourceTree = "<group>"; };
		B56DB3D82049BFAA00D4AA8E /* Info.plist */ = {isa = PBXFileReference; lastKnownFileType = text.plist.xml; path = Info.plist; sourceTree = "<group>"; };
		B56DB3DD2049BFAA00D4AA8E /* WooCommerceTests.xctest */ = {isa = PBXFileReference; explicitFileType = wrapper.cfbundle; includeInIndex = 0; path = WooCommerceTests.xctest; sourceTree = BUILT_PRODUCTS_DIR; };
		B56DB3E32049BFAA00D4AA8E /* Info.plist */ = {isa = PBXFileReference; lastKnownFileType = text.plist.xml; path = Info.plist; sourceTree = "<group>"; };
		B5EE26BF20A5EE6600468622 /* Storage.framework */ = {isa = PBXFileReference; explicitFileType = wrapper.framework; path = Storage.framework; sourceTree = BUILT_PRODUCTS_DIR; };
		CE17C2E020ACA06800AFBD20 /* BillingDetailsTableViewCell.swift */ = {isa = PBXFileReference; lastKnownFileType = sourcecode.swift; path = BillingDetailsTableViewCell.swift; sourceTree = "<group>"; };
		CE17C2E120ACA06800AFBD20 /* BillingDetailsTableViewCell.xib */ = {isa = PBXFileReference; lastKnownFileType = file.xib; path = BillingDetailsTableViewCell.xib; sourceTree = "<group>"; };
		CE1CCB3F2056F21C000EE3AC /* Style.swift */ = {isa = PBXFileReference; lastKnownFileType = sourcecode.swift; path = Style.swift; sourceTree = "<group>"; };
		CE1CCB4620570A6B000EE3AC /* en.lproj */ = {isa = PBXFileReference; lastKnownFileType = folder; path = en.lproj; sourceTree = "<group>"; };
		CE1CCB4A20570B1F000EE3AC /* OrderListCell.swift */ = {isa = PBXFileReference; lastKnownFileType = sourcecode.swift; path = OrderListCell.swift; sourceTree = "<group>"; };
		CE1F51242064179A00C6C810 /* UILabel+Helpers.swift */ = {isa = PBXFileReference; lastKnownFileType = sourcecode.swift; path = "UILabel+Helpers.swift"; sourceTree = "<group>"; };
		CE1F51262064345B00C6C810 /* UIColor+Helpers.swift */ = {isa = PBXFileReference; lastKnownFileType = sourcecode.swift; path = "UIColor+Helpers.swift"; sourceTree = "<group>"; };
		CE1F512820697F0100C6C810 /* UIFont+Helpers.swift */ = {isa = PBXFileReference; lastKnownFileType = sourcecode.swift; path = "UIFont+Helpers.swift"; sourceTree = "<group>"; };
		CE1F512A206985DF00C6C810 /* PaddedLabel.swift */ = {isa = PBXFileReference; lastKnownFileType = sourcecode.swift; path = PaddedLabel.swift; sourceTree = "<group>"; };
		CE263DE5206ACD220015A693 /* NotificationsViewController.swift */ = {isa = PBXFileReference; lastKnownFileType = sourcecode.swift; path = NotificationsViewController.swift; sourceTree = "<group>"; };
		CE263DE7206ACE3E0015A693 /* MainTabBarController.swift */ = {isa = PBXFileReference; lastKnownFileType = sourcecode.swift; path = MainTabBarController.swift; sourceTree = "<group>"; };
		CE34DA2420A1ECD6005D8523 /* ContactViewModel.swift */ = {isa = PBXFileReference; lastKnownFileType = sourcecode.swift; path = ContactViewModel.swift; sourceTree = "<group>"; };
		CE4296B820A5E9E400B2AFBD /* CNContact+Helpers.swift */ = {isa = PBXFileReference; lastKnownFileType = sourcecode.swift; path = "CNContact+Helpers.swift"; sourceTree = "<group>"; };
		CE85535C209B5BB700938BDC /* OrderDetailsViewModel.swift */ = {isa = PBXFileReference; lastKnownFileType = sourcecode.swift; path = OrderDetailsViewModel.swift; sourceTree = "<group>"; };
		CE855360209BA6A700938BDC /* ShowHideSectionFooter.swift */ = {isa = PBXFileReference; fileEncoding = 4; lastKnownFileType = sourcecode.swift; path = ShowHideSectionFooter.swift; sourceTree = "<group>"; };
		CE855361209BA6A700938BDC /* CustomerInfoTableViewCell.xib */ = {isa = PBXFileReference; fileEncoding = 4; lastKnownFileType = file.xib; path = CustomerInfoTableViewCell.xib; sourceTree = "<group>"; };
		CE855362209BA6A700938BDC /* CustomerInfoTableViewCell.swift */ = {isa = PBXFileReference; fileEncoding = 4; lastKnownFileType = sourcecode.swift; path = CustomerInfoTableViewCell.swift; sourceTree = "<group>"; };
		CE855363209BA6A700938BDC /* ShowHideSectionFooter.xib */ = {isa = PBXFileReference; fileEncoding = 4; lastKnownFileType = file.xib; path = ShowHideSectionFooter.xib; sourceTree = "<group>"; };
		CED6021B20B35FDF0032C639 /* NoResultsTableViewCell.swift */ = {isa = PBXFileReference; lastKnownFileType = sourcecode.swift; path = NoResultsTableViewCell.swift; sourceTree = "<group>"; };
		CED6021C20B35FDF0032C639 /* NoResultsTableViewCell.xib */ = {isa = PBXFileReference; lastKnownFileType = file.xib; path = NoResultsTableViewCell.xib; sourceTree = "<group>"; };
		CEE005F52076C4040079161F /* Orders.storyboard */ = {isa = PBXFileReference; fileEncoding = 4; lastKnownFileType = file.storyboard; path = Orders.storyboard; sourceTree = "<group>"; };
		CEE005F72077C9690079161F /* order-list.json */ = {isa = PBXFileReference; lastKnownFileType = text.json; path = "order-list.json"; sourceTree = "<group>"; };
		CEE005F92077C9C00079161F /* order-925.json */ = {isa = PBXFileReference; lastKnownFileType = text.json; path = "order-925.json"; sourceTree = "<group>"; };
		CEE005FB2077CA030079161F /* order-949.json */ = {isa = PBXFileReference; lastKnownFileType = text.json; path = "order-949.json"; sourceTree = "<group>"; };
		CEE005FD2077CA2F0079161F /* order-937.json */ = {isa = PBXFileReference; lastKnownFileType = text.json; path = "order-937.json"; sourceTree = "<group>"; };
		CEE006002077CA820079161F /* order-915.json */ = {isa = PBXFileReference; lastKnownFileType = text.json; path = "order-915.json"; sourceTree = "<group>"; };
		CEE006032077D1280079161F /* SummaryTableViewCell.swift */ = {isa = PBXFileReference; lastKnownFileType = sourcecode.swift; path = SummaryTableViewCell.swift; sourceTree = "<group>"; };
		CEE006042077D1280079161F /* SummaryTableViewCell.xib */ = {isa = PBXFileReference; lastKnownFileType = file.xib; path = SummaryTableViewCell.xib; sourceTree = "<group>"; };
		CEE006072077D14C0079161F /* OrderDetailsViewController.swift */ = {isa = PBXFileReference; lastKnownFileType = sourcecode.swift; path = OrderDetailsViewController.swift; sourceTree = "<group>"; };
		EA556E3CCFCFAC2E31799011 /* Pods_WooCommerce.framework */ = {isa = PBXFileReference; explicitFileType = wrapper.framework; includeInIndex = 0; path = Pods_WooCommerce.framework; sourceTree = BUILT_PRODUCTS_DIR; };
/* End PBXFileReference section */

/* Begin PBXFrameworksBuildPhase section */
		B56DB3C32049BFAA00D4AA8E /* Frameworks */ = {
			isa = PBXFrameworksBuildPhase;
			buildActionMask = 2147483647;
			files = (
				B5EE26C020A5EE6600468622 /* Storage.framework in Frameworks */,
				B5650B0920A4CD7F009702D0 /* FluxSumi.framework in Frameworks */,
				B5EE26C120A5EE8100468622 /* Storage.framework in Frameworks */,
				B5650B0E20A4CD7F009702D0 /* Networking.framework in Frameworks */,
				D03928FCB928A909F3675117 /* Pods_WooCommerce.framework in Frameworks */,
			);
			runOnlyForDeploymentPostprocessing = 0;
		};
		B56DB3DA2049BFAA00D4AA8E /* Frameworks */ = {
			isa = PBXFrameworksBuildPhase;
			buildActionMask = 2147483647;
			files = (
			);
			runOnlyForDeploymentPostprocessing = 0;
		};
/* End PBXFrameworksBuildPhase section */

/* Begin PBXGroup section */
		580B0381D5FD3CF9393AAD46 /* Pods */ = {
			isa = PBXGroup;
			children = (
				8F0FB96B941C02DB9A12C008 /* Pods-WooCommerce.debug.xcconfig */,
				4567EA9A7711F9B576BE500C /* Pods-WooCommerce.release.xcconfig */,
			);
			name = Pods;
			sourceTree = "<group>";
		};
		88A44ABE866401E6DB03AC60 /* Frameworks */ = {
			isa = PBXGroup;
			children = (
				B5EE26BF20A5EE6600468622 /* Storage.framework */,
				B557D9FD209753BB005962F4 /* Networking.framework */,
				B546CCF3209363A5007CDA5F /* FluxSumi.framework */,
				EA556E3CCFCFAC2E31799011 /* Pods_WooCommerce.framework */,
			);
			name = Frameworks;
			sourceTree = "<group>";
		};
		B509112B2049CFDF007D25DC /* Model */ = {
			isa = PBXGroup;
			children = (
				B50911332049E493007D25DC /* Order.swift */,
			);
			path = Model;
			sourceTree = "<group>";
		};
		B55D4BF920B5CDE600D7A50F /* Credentials */ = {
			isa = PBXGroup;
			children = (
				B55D4BFA20B5CDE600D7A50F /* ApiCredentials.swift */,
				B55D4BFB20B5CDE600D7A50F /* replace_secrets.rb */,
			);
			path = Credentials;
			sourceTree = "<group>";
		};
		B55D4BFE20B5CE3D00D7A50F /* Derived Sources */ = {
			isa = PBXGroup;
			children = (
				B55D4C0020B5CE3D00D7A50F /* ApiCredentials.swift */,
			);
			name = "Derived Sources";
			path = /private/tmp/WooCommerce.build;
			sourceTree = "<absolute>";
		};
		B56DB3BD2049BFAA00D4AA8E = {
			isa = PBXGroup;
			children = (
				B55D4BF920B5CDE600D7A50F /* Credentials */,
				B56DB3F12049C0B800D4AA8E /* Classes */,
				B55D4BFE20B5CE3D00D7A50F /* Derived Sources */,
				B56DB3F22049C0C000D4AA8E /* Resources */,
				B56DB3E02049BFAA00D4AA8E /* WooCommerceTests */,
				88A44ABE866401E6DB03AC60 /* Frameworks */,
				B56DB3C72049BFAA00D4AA8E /* Products */,
				580B0381D5FD3CF9393AAD46 /* Pods */,
				B559EBAE20A0BF8F00836CD4 /* LICENSE */,
				B559EBAD20A0BF8E00836CD4 /* README.md */,
			);
			sourceTree = "<group>";
		};
		B56DB3C72049BFAA00D4AA8E /* Products */ = {
			isa = PBXGroup;
			children = (
				B56DB3C62049BFAA00D4AA8E /* WooCommerce.app */,
				B56DB3DD2049BFAA00D4AA8E /* WooCommerceTests.xctest */,
			);
			name = Products;
			sourceTree = "<group>";
		};
		B56DB3E02049BFAA00D4AA8E /* WooCommerceTests */ = {
			isa = PBXGroup;
			children = (
				B56DB3E32049BFAA00D4AA8E /* Info.plist */,
			);
			path = WooCommerceTests;
			sourceTree = "<group>";
		};
		B56DB3EF2049C06D00D4AA8E /* ViewRelated */ = {
			isa = PBXGroup;
			children = (
				CED6021A20B35FBF0032C639 /* ReusableViews */,
				CE1CCB4920570B05000EE3AC /* Orders */,
				B56DB3CD2049BFAA00D4AA8E /* Main.storyboard */,
				B509112D2049E27A007D25DC /* DashboardViewController.swift */,
				B509112F2049E27A007D25DC /* SettingsViewController.swift */,
				CE263DE5206ACD220015A693 /* NotificationsViewController.swift */,
				CE263DE7206ACE3E0015A693 /* MainTabBarController.swift */,
			);
			path = ViewRelated;
			sourceTree = "<group>";
		};
		B56DB3F12049C0B800D4AA8E /* Classes */ = {
			isa = PBXGroup;
			children = (
				CE1CCB4C20572444000EE3AC /* Extensions */,
				CE1CCB3E2056F204000EE3AC /* Styles */,
				B509112B2049CFDF007D25DC /* Model */,
				CE85535B209B5B6A00938BDC /* ViewModels */,
				B56DB3EF2049C06D00D4AA8E /* ViewRelated */,
				B56DB3C92049BFAA00D4AA8E /* AppDelegate.swift */,
			);
			path = Classes;
			sourceTree = "<group>";
		};
		B56DB3F22049C0C000D4AA8E /* Resources */ = {
			isa = PBXGroup;
			children = (
				B56DB3D32049BFAA00D4AA8E /* Assets.xcassets */,
				B56DB3D82049BFAA00D4AA8E /* Info.plist */,
				B56DB3D52049BFAA00D4AA8E /* LaunchScreen.storyboard */,
				B56DB3D02049BFAA00D4AA8E /* WooCommerce.xcdatamodeld */,
				CE1CCB4620570A6B000EE3AC /* en.lproj */,
				CEE005FF2077CA5A0079161F /* fake data */,
			);
			path = Resources;
			sourceTree = "<group>";
		};
		CE1CCB3E2056F204000EE3AC /* Styles */ = {
			isa = PBXGroup;
			children = (
				CE1CCB3F2056F21C000EE3AC /* Style.swift */,
				CE1F512A206985DF00C6C810 /* PaddedLabel.swift */,
			);
			path = Styles;
			sourceTree = "<group>";
		};
		CE1CCB4920570B05000EE3AC /* Orders */ = {
			isa = PBXGroup;
			children = (
				CEE006022077D0F80079161F /* OrderDetails */,
				CEE005F52076C4040079161F /* Orders.storyboard */,
				B509112E2049E27A007D25DC /* OrdersViewController.swift */,
				CE1CCB4A20570B1F000EE3AC /* OrderListCell.swift */,
			);
			path = Orders;
			sourceTree = "<group>";
		};
		CE1CCB4C20572444000EE3AC /* Extensions */ = {
			isa = PBXGroup;
			children = (
				CE4296B820A5E9E400B2AFBD /* CNContact+Helpers.swift */,
				CE1F51262064345B00C6C810 /* UIColor+Helpers.swift */,
				CE1F512820697F0100C6C810 /* UIFont+Helpers.swift */,
				CE1F51242064179A00C6C810 /* UILabel+Helpers.swift */,
			);
			path = Extensions;
			sourceTree = "<group>";
		};
		CE85535B209B5B6A00938BDC /* ViewModels */ = {
			isa = PBXGroup;
			children = (
				CE85535C209B5BB700938BDC /* OrderDetailsViewModel.swift */,
				CE34DA2420A1ECD6005D8523 /* ContactViewModel.swift */,
			);
			path = ViewModels;
			sourceTree = "<group>";
		};
		CED6021A20B35FBF0032C639 /* ReusableViews */ = {
			isa = PBXGroup;
			children = (
				CED6021B20B35FDF0032C639 /* NoResultsTableViewCell.swift */,
				CED6021C20B35FDF0032C639 /* NoResultsTableViewCell.xib */,
			);
			path = ReusableViews;
			sourceTree = "<group>";
		};
		CEE005FF2077CA5A0079161F /* fake data */ = {
			isa = PBXGroup;
			children = (
				CEE005F72077C9690079161F /* order-list.json */,
				CEE005F92077C9C00079161F /* order-925.json */,
				CEE005FB2077CA030079161F /* order-949.json */,
				CEE005FD2077CA2F0079161F /* order-937.json */,
				CEE006002077CA820079161F /* order-915.json */,
			);
			path = "fake data";
			sourceTree = "<group>";
		};
		CEE006022077D0F80079161F /* OrderDetails */ = {
			isa = PBXGroup;
			children = (
				CE17C2E020ACA06800AFBD20 /* BillingDetailsTableViewCell.swift */,
				CE17C2E120ACA06800AFBD20 /* BillingDetailsTableViewCell.xib */,
				CEE006032077D1280079161F /* SummaryTableViewCell.swift */,
				CEE006042077D1280079161F /* SummaryTableViewCell.xib */,
				B557DA1320979904005962F4 /* CustomerNoteTableViewCell.swift */,
				B557DA1420979904005962F4 /* CustomerNoteTableViewCell.xib */,
				CE855362209BA6A700938BDC /* CustomerInfoTableViewCell.swift */,
				CE855361209BA6A700938BDC /* CustomerInfoTableViewCell.xib */,
				CE855360209BA6A700938BDC /* ShowHideSectionFooter.swift */,
				CE855363209BA6A700938BDC /* ShowHideSectionFooter.xib */,
				CEE006072077D14C0079161F /* OrderDetailsViewController.swift */,
			);
			path = OrderDetails;
			sourceTree = "<group>";
		};
/* End PBXGroup section */

/* Begin PBXNativeTarget section */
		B56DB3C52049BFAA00D4AA8E /* WooCommerce */ = {
			isa = PBXNativeTarget;
			buildConfigurationList = B56DB3E62049BFAA00D4AA8E /* Build configuration list for PBXNativeTarget "WooCommerce" */;
			buildPhases = (
				B55D4BF820B5CD9300D7A50F /* Generate ApiCredentials */,
				0B1466AADF9347CBC9D9760E /* [CP] Check Pods Manifest.lock */,
				B56DB3C22049BFAA00D4AA8E /* Sources */,
				B56DB3C32049BFAA00D4AA8E /* Frameworks */,
				B56DB3C42049BFAA00D4AA8E /* Resources */,
				970A8C75D3A7AB71F6A8D56E /* [CP] Embed Pods Frameworks */,
				B5650B1020A4CD7F009702D0 /* Embed Frameworks */,
			);
			buildRules = (
			);
			dependencies = (
			);
			name = WooCommerce;
			productName = WooCommerce;
			productReference = B56DB3C62049BFAA00D4AA8E /* WooCommerce.app */;
			productType = "com.apple.product-type.application";
		};
		B56DB3DC2049BFAA00D4AA8E /* WooCommerceTests */ = {
			isa = PBXNativeTarget;
			buildConfigurationList = B56DB3E92049BFAA00D4AA8E /* Build configuration list for PBXNativeTarget "WooCommerceTests" */;
			buildPhases = (
				B56DB3D92049BFAA00D4AA8E /* Sources */,
				B56DB3DA2049BFAA00D4AA8E /* Frameworks */,
				B56DB3DB2049BFAA00D4AA8E /* Resources */,
			);
			buildRules = (
			);
			dependencies = (
				B56DB3DF2049BFAA00D4AA8E /* PBXTargetDependency */,
			);
			name = WooCommerceTests;
			productName = WooCommerceTests;
			productReference = B56DB3DD2049BFAA00D4AA8E /* WooCommerceTests.xctest */;
			productType = "com.apple.product-type.bundle.unit-test";
		};
/* End PBXNativeTarget section */

/* Begin PBXProject section */
		B56DB3BE2049BFAA00D4AA8E /* Project object */ = {
			isa = PBXProject;
			attributes = {
				LastSwiftUpdateCheck = 0920;
				LastUpgradeCheck = 0930;
				ORGANIZATIONNAME = Automattic;
				TargetAttributes = {
					B56DB3C52049BFAA00D4AA8E = {
						CreatedOnToolsVersion = 9.2;
						ProvisioningStyle = Manual;
					};
					B56DB3DC2049BFAA00D4AA8E = {
						CreatedOnToolsVersion = 9.2;
						ProvisioningStyle = Automatic;
						TestTargetID = B56DB3C52049BFAA00D4AA8E;
					};
				};
			};
			buildConfigurationList = B56DB3C12049BFAA00D4AA8E /* Build configuration list for PBXProject "WooCommerce" */;
			compatibilityVersion = "Xcode 8.0";
			developmentRegion = en;
			hasScannedForEncodings = 0;
			knownRegions = (
				en,
				Base,
			);
			mainGroup = B56DB3BD2049BFAA00D4AA8E;
			productRefGroup = B56DB3C72049BFAA00D4AA8E /* Products */;
			projectDirPath = "";
			projectRoot = "";
			targets = (
				B56DB3C52049BFAA00D4AA8E /* WooCommerce */,
				B56DB3DC2049BFAA00D4AA8E /* WooCommerceTests */,
			);
		};
/* End PBXProject section */

/* Begin PBXResourcesBuildPhase section */
		B56DB3C42049BFAA00D4AA8E /* Resources */ = {
			isa = PBXResourcesBuildPhase;
			buildActionMask = 2147483647;
			files = (
				B56DB3D72049BFAA00D4AA8E /* LaunchScreen.storyboard in Resources */,
				CED6021E20B35FDF0032C639 /* NoResultsTableViewCell.xib in Resources */,
				CEE006012077CA820079161F /* order-915.json in Resources */,
				B557DA1620979904005962F4 /* CustomerNoteTableViewCell.xib in Resources */,
				B56DB3D42049BFAA00D4AA8E /* Assets.xcassets in Resources */,
				B559EBAF20A0BF8F00836CD4 /* README.md in Resources */,
				CEE005F82077C9690079161F /* order-list.json in Resources */,
				CEE005FC2077CA030079161F /* order-949.json in Resources */,
				CEE005F62076C4040079161F /* Orders.storyboard in Resources */,
				CE855367209BA6A700938BDC /* ShowHideSectionFooter.xib in Resources */,
				CEE005FE2077CA2F0079161F /* order-937.json in Resources */,
				B55D4BFD20B5CDE700D7A50F /* replace_secrets.rb in Resources */,
				CEE006062077D1280079161F /* SummaryTableViewCell.xib in Resources */,
				B559EBB020A0BF8F00836CD4 /* LICENSE in Resources */,
				CE17C2E320ACA06800AFBD20 /* BillingDetailsTableViewCell.xib in Resources */,
				CE1CCB4720570A6C000EE3AC /* en.lproj in Resources */,
				B56DB3CF2049BFAA00D4AA8E /* Main.storyboard in Resources */,
				CEE005FA2077C9C00079161F /* order-925.json in Resources */,
				CE855365209BA6A700938BDC /* CustomerInfoTableViewCell.xib in Resources */,
			);
			runOnlyForDeploymentPostprocessing = 0;
		};
		B56DB3DB2049BFAA00D4AA8E /* Resources */ = {
			isa = PBXResourcesBuildPhase;
			buildActionMask = 2147483647;
			files = (
			);
			runOnlyForDeploymentPostprocessing = 0;
		};
/* End PBXResourcesBuildPhase section */

/* Begin PBXShellScriptBuildPhase section */
		0B1466AADF9347CBC9D9760E /* [CP] Check Pods Manifest.lock */ = {
			isa = PBXShellScriptBuildPhase;
			buildActionMask = 2147483647;
			files = (
			);
			inputPaths = (
				"${PODS_PODFILE_DIR_PATH}/Podfile.lock",
				"${PODS_ROOT}/Manifest.lock",
			);
			name = "[CP] Check Pods Manifest.lock";
			outputPaths = (
				"$(DERIVED_FILE_DIR)/Pods-WooCommerce-checkManifestLockResult.txt",
			);
			runOnlyForDeploymentPostprocessing = 0;
			shellPath = /bin/sh;
			shellScript = "diff \"${PODS_PODFILE_DIR_PATH}/Podfile.lock\" \"${PODS_ROOT}/Manifest.lock\" > /dev/null\nif [ $? != 0 ] ; then\n    # print error to STDERR\n    echo \"error: The sandbox is not in sync with the Podfile.lock. Run 'pod install' or update your CocoaPods installation.\" >&2\n    exit 1\nfi\n# This output is used by Xcode 'outputs' to avoid re-running this script phase.\necho \"SUCCESS\" > \"${SCRIPT_OUTPUT_FILE_0}\"\n";
			showEnvVarsInLog = 0;
		};
		970A8C75D3A7AB71F6A8D56E /* [CP] Embed Pods Frameworks */ = {
			isa = PBXShellScriptBuildPhase;
			buildActionMask = 2147483647;
			files = (
			);
			inputPaths = (
				"${SRCROOT}/../Pods/Target Support Files/Pods-WooCommerce/Pods-WooCommerce-frameworks.sh",
				"${BUILT_PRODUCTS_DIR}/Alamofire/Alamofire.framework",
				"${BUILT_PRODUCTS_DIR}/Automattic-Tracks-iOS/AutomatticTracks.framework",
				"${BUILT_PRODUCTS_DIR}/CocoaLumberjack/CocoaLumberjack.framework",
				"${BUILT_PRODUCTS_DIR}/Gridicons/Gridicons.framework",
				"${BUILT_PRODUCTS_DIR}/Reachability/Reachability.framework",
				"${BUILT_PRODUCTS_DIR}/UIDeviceIdentifier/UIDeviceIdentifier.framework",
			);
			name = "[CP] Embed Pods Frameworks";
			outputPaths = (
				"${TARGET_BUILD_DIR}/${FRAMEWORKS_FOLDER_PATH}/Alamofire.framework",
				"${TARGET_BUILD_DIR}/${FRAMEWORKS_FOLDER_PATH}/AutomatticTracks.framework",
				"${TARGET_BUILD_DIR}/${FRAMEWORKS_FOLDER_PATH}/CocoaLumberjack.framework",
				"${TARGET_BUILD_DIR}/${FRAMEWORKS_FOLDER_PATH}/Gridicons.framework",
				"${TARGET_BUILD_DIR}/${FRAMEWORKS_FOLDER_PATH}/Reachability.framework",
				"${TARGET_BUILD_DIR}/${FRAMEWORKS_FOLDER_PATH}/UIDeviceIdentifier.framework",
			);
			runOnlyForDeploymentPostprocessing = 0;
			shellPath = /bin/sh;
			shellScript = "\"${SRCROOT}/../Pods/Target Support Files/Pods-WooCommerce/Pods-WooCommerce-frameworks.sh\"\n";
			showEnvVarsInLog = 0;
		};
		B55D4BF820B5CD9300D7A50F /* Generate ApiCredentials */ = {
			isa = PBXShellScriptBuildPhase;
			buildActionMask = 2147483647;
			files = (
			);
			inputPaths = (
				"$(SRCROOT)/Credentials/replace_secrets.rb",
				"$(SRCROOT)/Credentials/ApiCredentials.swift",
				"~/.woo_app_credentials.json",
			);
			name = "Generate ApiCredentials";
			outputPaths = (
				/tmp/WooCommerce.build/ApiCredentials.swift,
			);
			runOnlyForDeploymentPostprocessing = 0;
			shellPath = /bin/sh;
			shellScript = "DERIVED_PATH=/tmp/WooCommerce.build\nSCRIPT_PATH=${SOURCE_ROOT}/Credentials/replace_secrets.rb\nINPUT_PATH=${SOURCE_ROOT}/Credentials/ApiCredentials.swift\nOUTPUT_PATH=${DERIVED_PATH}/ApiCredentials.swift\n\n\nif [ ! -f $SECRETS_PATH ]\nthen\n    echo \">> Missing Secrets ${SECRETS_PATH}\"\n    exit -1\nfi\n\necho \">> Loading Secrets ${SECRETS_PATH}\"\necho \">> Generating Credentials ${OUTPUT_PATH}\"\n\nruby ${SCRIPT_PATH} -i ${INPUT_PATH} -s ${SECRETS_PATH} > ${OUTPUT_PATH}\n";
		};
/* End PBXShellScriptBuildPhase section */

/* Begin PBXSourcesBuildPhase section */
		B56DB3C22049BFAA00D4AA8E /* Sources */ = {
			isa = PBXSourcesBuildPhase;
			buildActionMask = 2147483647;
			files = (
				CE85535D209B5BB700938BDC /* OrderDetailsViewModel.swift in Sources */,
				CE263DE6206ACD220015A693 /* NotificationsViewController.swift in Sources */,
				B50911312049E27A007D25DC /* OrdersViewController.swift in Sources */,
				CE17C2E220ACA06800AFBD20 /* BillingDetailsTableViewCell.swift in Sources */,
				CE1CCB402056F21C000EE3AC /* Style.swift in Sources */,
				B50911322049E27A007D25DC /* SettingsViewController.swift in Sources */,
				B55D4C0220B5CE3D00D7A50F /* ApiCredentials.swift in Sources */,
				CE855364209BA6A700938BDC /* ShowHideSectionFooter.swift in Sources */,
				B56DB3CA2049BFAA00D4AA8E /* AppDelegate.swift in Sources */,
				CE1F512B206985DF00C6C810 /* PaddedLabel.swift in Sources */,
				B557DA1520979904005962F4 /* CustomerNoteTableViewCell.swift in Sources */,
				CE855366209BA6A700938BDC /* CustomerInfoTableViewCell.swift in Sources */,
				CE1F51252064179A00C6C810 /* UILabel+Helpers.swift in Sources */,
				B50911302049E27A007D25DC /* DashboardViewController.swift in Sources */,
				CEE006082077D14C0079161F /* OrderDetailsViewController.swift in Sources */,
				CE34DA2520A1ECD6005D8523 /* ContactViewModel.swift in Sources */,
				CE4296B920A5E9E400B2AFBD /* CNContact+Helpers.swift in Sources */,
				CEE006052077D1280079161F /* SummaryTableViewCell.swift in Sources */,
				CED6021D20B35FDF0032C639 /* NoResultsTableViewCell.swift in Sources */,
				CE1F51272064345B00C6C810 /* UIColor+Helpers.swift in Sources */,
				CE263DE8206ACE3E0015A693 /* MainTabBarController.swift in Sources */,
				B56DB3D22049BFAA00D4AA8E /* WooCommerce.xcdatamodeld in Sources */,
				B50911342049E493007D25DC /* Order.swift in Sources */,
				CE1CCB4B20570B1F000EE3AC /* OrderListCell.swift in Sources */,
				CE1F512920697F0100C6C810 /* UIFont+Helpers.swift in Sources */,
			);
			runOnlyForDeploymentPostprocessing = 0;
		};
		B56DB3D92049BFAA00D4AA8E /* Sources */ = {
			isa = PBXSourcesBuildPhase;
			buildActionMask = 2147483647;
			files = (
			);
			runOnlyForDeploymentPostprocessing = 0;
		};
/* End PBXSourcesBuildPhase section */

/* Begin PBXTargetDependency section */
		B56DB3DF2049BFAA00D4AA8E /* PBXTargetDependency */ = {
			isa = PBXTargetDependency;
			target = B56DB3C52049BFAA00D4AA8E /* WooCommerce */;
			targetProxy = B56DB3DE2049BFAA00D4AA8E /* PBXContainerItemProxy */;
		};
/* End PBXTargetDependency section */

/* Begin PBXVariantGroup section */
		B56DB3CD2049BFAA00D4AA8E /* Main.storyboard */ = {
			isa = PBXVariantGroup;
			children = (
				B56DB3CE2049BFAA00D4AA8E /* Base */,
			);
			name = Main.storyboard;
			sourceTree = "<group>";
		};
		B56DB3D52049BFAA00D4AA8E /* LaunchScreen.storyboard */ = {
			isa = PBXVariantGroup;
			children = (
				B56DB3D62049BFAA00D4AA8E /* Base */,
			);
			name = LaunchScreen.storyboard;
			sourceTree = "<group>";
		};
/* End PBXVariantGroup section */

/* Begin XCBuildConfiguration section */
		B56DB3E42049BFAA00D4AA8E /* Debug */ = {
			isa = XCBuildConfiguration;
			buildSettings = {
				ALWAYS_SEARCH_USER_PATHS = NO;
				CLANG_ANALYZER_NONNULL = YES;
				CLANG_ANALYZER_NUMBER_OBJECT_CONVERSION = YES_AGGRESSIVE;
				CLANG_CXX_LANGUAGE_STANDARD = "gnu++14";
				CLANG_CXX_LIBRARY = "libc++";
				CLANG_ENABLE_MODULES = YES;
				CLANG_ENABLE_OBJC_ARC = YES;
				CLANG_WARN_BLOCK_CAPTURE_AUTORELEASING = YES;
				CLANG_WARN_BOOL_CONVERSION = YES;
				CLANG_WARN_COMMA = YES;
				CLANG_WARN_CONSTANT_CONVERSION = YES;
				CLANG_WARN_DEPRECATED_OBJC_IMPLEMENTATIONS = YES;
				CLANG_WARN_DIRECT_OBJC_ISA_USAGE = YES_ERROR;
				CLANG_WARN_DOCUMENTATION_COMMENTS = YES;
				CLANG_WARN_EMPTY_BODY = YES;
				CLANG_WARN_ENUM_CONVERSION = YES;
				CLANG_WARN_INFINITE_RECURSION = YES;
				CLANG_WARN_INT_CONVERSION = YES;
				CLANG_WARN_NON_LITERAL_NULL_CONVERSION = YES;
				CLANG_WARN_OBJC_IMPLICIT_RETAIN_SELF = YES;
				CLANG_WARN_OBJC_LITERAL_CONVERSION = YES;
				CLANG_WARN_OBJC_ROOT_CLASS = YES_ERROR;
				CLANG_WARN_RANGE_LOOP_ANALYSIS = YES;
				CLANG_WARN_STRICT_PROTOTYPES = YES;
				CLANG_WARN_SUSPICIOUS_MOVE = YES;
				CLANG_WARN_UNGUARDED_AVAILABILITY = YES_AGGRESSIVE;
				CLANG_WARN_UNREACHABLE_CODE = YES;
				CLANG_WARN__DUPLICATE_METHOD_MATCH = YES;
				CODE_SIGN_IDENTITY = "iPhone Developer";
				COPY_PHASE_STRIP = NO;
				DEBUG_INFORMATION_FORMAT = dwarf;
				ENABLE_STRICT_OBJC_MSGSEND = YES;
				ENABLE_TESTABILITY = YES;
				GCC_C_LANGUAGE_STANDARD = gnu11;
				GCC_DYNAMIC_NO_PIC = NO;
				GCC_NO_COMMON_BLOCKS = YES;
				GCC_OPTIMIZATION_LEVEL = 0;
				GCC_PREPROCESSOR_DEFINITIONS = (
					"DEBUG=1",
					"$(inherited)",
				);
				GCC_WARN_64_TO_32_BIT_CONVERSION = YES;
				GCC_WARN_ABOUT_RETURN_TYPE = YES_ERROR;
				GCC_WARN_UNDECLARED_SELECTOR = YES;
				GCC_WARN_UNINITIALIZED_AUTOS = YES_AGGRESSIVE;
				GCC_WARN_UNUSED_FUNCTION = YES;
				GCC_WARN_UNUSED_VARIABLE = YES;
				IPHONEOS_DEPLOYMENT_TARGET = 11.2;
				MTL_ENABLE_DEBUG_INFO = YES;
				ONLY_ACTIVE_ARCH = YES;
				SDKROOT = iphoneos;
				SWIFT_ACTIVE_COMPILATION_CONDITIONS = DEBUG;
				SWIFT_OPTIMIZATION_LEVEL = "-Onone";
			};
			name = Debug;
		};
		B56DB3E52049BFAA00D4AA8E /* Release */ = {
			isa = XCBuildConfiguration;
			buildSettings = {
				ALWAYS_SEARCH_USER_PATHS = NO;
				CLANG_ANALYZER_NONNULL = YES;
				CLANG_ANALYZER_NUMBER_OBJECT_CONVERSION = YES_AGGRESSIVE;
				CLANG_CXX_LANGUAGE_STANDARD = "gnu++14";
				CLANG_CXX_LIBRARY = "libc++";
				CLANG_ENABLE_MODULES = YES;
				CLANG_ENABLE_OBJC_ARC = YES;
				CLANG_WARN_BLOCK_CAPTURE_AUTORELEASING = YES;
				CLANG_WARN_BOOL_CONVERSION = YES;
				CLANG_WARN_COMMA = YES;
				CLANG_WARN_CONSTANT_CONVERSION = YES;
				CLANG_WARN_DEPRECATED_OBJC_IMPLEMENTATIONS = YES;
				CLANG_WARN_DIRECT_OBJC_ISA_USAGE = YES_ERROR;
				CLANG_WARN_DOCUMENTATION_COMMENTS = YES;
				CLANG_WARN_EMPTY_BODY = YES;
				CLANG_WARN_ENUM_CONVERSION = YES;
				CLANG_WARN_INFINITE_RECURSION = YES;
				CLANG_WARN_INT_CONVERSION = YES;
				CLANG_WARN_NON_LITERAL_NULL_CONVERSION = YES;
				CLANG_WARN_OBJC_IMPLICIT_RETAIN_SELF = YES;
				CLANG_WARN_OBJC_LITERAL_CONVERSION = YES;
				CLANG_WARN_OBJC_ROOT_CLASS = YES_ERROR;
				CLANG_WARN_RANGE_LOOP_ANALYSIS = YES;
				CLANG_WARN_STRICT_PROTOTYPES = YES;
				CLANG_WARN_SUSPICIOUS_MOVE = YES;
				CLANG_WARN_UNGUARDED_AVAILABILITY = YES_AGGRESSIVE;
				CLANG_WARN_UNREACHABLE_CODE = YES;
				CLANG_WARN__DUPLICATE_METHOD_MATCH = YES;
				CODE_SIGN_IDENTITY = "iPhone Developer";
				COPY_PHASE_STRIP = NO;
				DEBUG_INFORMATION_FORMAT = "dwarf-with-dsym";
				ENABLE_NS_ASSERTIONS = NO;
				ENABLE_STRICT_OBJC_MSGSEND = YES;
				GCC_C_LANGUAGE_STANDARD = gnu11;
				GCC_NO_COMMON_BLOCKS = YES;
				GCC_WARN_64_TO_32_BIT_CONVERSION = YES;
				GCC_WARN_ABOUT_RETURN_TYPE = YES_ERROR;
				GCC_WARN_UNDECLARED_SELECTOR = YES;
				GCC_WARN_UNINITIALIZED_AUTOS = YES_AGGRESSIVE;
				GCC_WARN_UNUSED_FUNCTION = YES;
				GCC_WARN_UNUSED_VARIABLE = YES;
				IPHONEOS_DEPLOYMENT_TARGET = 11.2;
				MTL_ENABLE_DEBUG_INFO = NO;
				SDKROOT = iphoneos;
				SWIFT_OPTIMIZATION_LEVEL = "-Owholemodule";
				VALIDATE_PRODUCT = YES;
			};
			name = Release;
		};
		B56DB3E72049BFAA00D4AA8E /* Debug */ = {
			isa = XCBuildConfiguration;
			baseConfigurationReference = 8F0FB96B941C02DB9A12C008 /* Pods-WooCommerce.debug.xcconfig */;
			buildSettings = {
				ASSETCATALOG_COMPILER_APPICON_NAME = AppIcon;
				CODE_SIGN_STYLE = Manual;
				DEVELOPMENT_TEAM = PZYM8XX95Q;
				INFOPLIST_FILE = "$(SRCROOT)/Resources/Info.plist";
				IPHONEOS_DEPLOYMENT_TARGET = 11.0;
				LD_RUNPATH_SEARCH_PATHS = "$(inherited) @executable_path/Frameworks";
				PRODUCT_BUNDLE_IDENTIFIER = com.automattic.woocommerce.debug;
				PRODUCT_NAME = "$(TARGET_NAME)";
				PROVISIONING_PROFILE = "";
				PROVISIONING_PROFILE_SPECIFIER = "WooCommerce Development";
				SECRETS_PATH = $HOME/.woo_app_credentials.json;
				SWIFT_VERSION = 4.0;
				TARGETED_DEVICE_FAMILY = "1,2";
			};
			name = Debug;
		};
		B56DB3E82049BFAA00D4AA8E /* Release */ = {
			isa = XCBuildConfiguration;
			baseConfigurationReference = 4567EA9A7711F9B576BE500C /* Pods-WooCommerce.release.xcconfig */;
			buildSettings = {
				ASSETCATALOG_COMPILER_APPICON_NAME = AppIcon;
				CODE_SIGN_STYLE = Manual;
				DEVELOPMENT_TEAM = PZYM8XX95Q;
				INFOPLIST_FILE = "$(SRCROOT)/Resources/Info.plist";
				IPHONEOS_DEPLOYMENT_TARGET = 11.0;
				LD_RUNPATH_SEARCH_PATHS = "$(inherited) @executable_path/Frameworks";
				PRODUCT_BUNDLE_IDENTIFIER = com.automattic.woocommerce;
				PRODUCT_NAME = "$(TARGET_NAME)";
				PROVISIONING_PROFILE_SPECIFIER = "WooCommerce App Store";
				SECRETS_PATH = $HOME/.woo_app_credentials.json;
				SWIFT_VERSION = 4.0;
				TARGETED_DEVICE_FAMILY = "1,2";
			};
			name = Release;
		};
		B56DB3EA2049BFAA00D4AA8E /* Debug */ = {
			isa = XCBuildConfiguration;
			buildSettings = {
				ALWAYS_EMBED_SWIFT_STANDARD_LIBRARIES = YES;
				BUNDLE_LOADER = "$(TEST_HOST)";
				CODE_SIGN_STYLE = Automatic;
				DEVELOPMENT_TEAM = PZYM8XX95Q;
				INFOPLIST_FILE = WooCommerceTests/Info.plist;
				LD_RUNPATH_SEARCH_PATHS = "$(inherited) @executable_path/Frameworks @loader_path/Frameworks";
				PRODUCT_BUNDLE_IDENTIFIER = com.woocommerce.WooCommerceTests;
				PRODUCT_NAME = "$(TARGET_NAME)";
				SWIFT_VERSION = 4.0;
				TARGETED_DEVICE_FAMILY = "1,2";
				TEST_HOST = "$(BUILT_PRODUCTS_DIR)/WooCommerce.app/WooCommerce";
			};
			name = Debug;
		};
		B56DB3EB2049BFAA00D4AA8E /* Release */ = {
			isa = XCBuildConfiguration;
			buildSettings = {
				ALWAYS_EMBED_SWIFT_STANDARD_LIBRARIES = YES;
				BUNDLE_LOADER = "$(TEST_HOST)";
				CODE_SIGN_STYLE = Automatic;
				DEVELOPMENT_TEAM = PZYM8XX95Q;
				INFOPLIST_FILE = WooCommerceTests/Info.plist;
				LD_RUNPATH_SEARCH_PATHS = "$(inherited) @executable_path/Frameworks @loader_path/Frameworks";
				PRODUCT_BUNDLE_IDENTIFIER = com.woocommerce.WooCommerceTests;
				PRODUCT_NAME = "$(TARGET_NAME)";
				SWIFT_VERSION = 4.0;
				TARGETED_DEVICE_FAMILY = "1,2";
				TEST_HOST = "$(BUILT_PRODUCTS_DIR)/WooCommerce.app/WooCommerce";
			};
			name = Release;
		};
/* End XCBuildConfiguration section */

/* Begin XCConfigurationList section */
		B56DB3C12049BFAA00D4AA8E /* Build configuration list for PBXProject "WooCommerce" */ = {
			isa = XCConfigurationList;
			buildConfigurations = (
				B56DB3E42049BFAA00D4AA8E /* Debug */,
				B56DB3E52049BFAA00D4AA8E /* Release */,
			);
			defaultConfigurationIsVisible = 0;
			defaultConfigurationName = Release;
		};
		B56DB3E62049BFAA00D4AA8E /* Build configuration list for PBXNativeTarget "WooCommerce" */ = {
			isa = XCConfigurationList;
			buildConfigurations = (
				B56DB3E72049BFAA00D4AA8E /* Debug */,
				B56DB3E82049BFAA00D4AA8E /* Release */,
			);
			defaultConfigurationIsVisible = 0;
			defaultConfigurationName = Release;
		};
		B56DB3E92049BFAA00D4AA8E /* Build configuration list for PBXNativeTarget "WooCommerceTests" */ = {
			isa = XCConfigurationList;
			buildConfigurations = (
				B56DB3EA2049BFAA00D4AA8E /* Debug */,
				B56DB3EB2049BFAA00D4AA8E /* Release */,
			);
			defaultConfigurationIsVisible = 0;
			defaultConfigurationName = Release;
		};
/* End XCConfigurationList section */

/* Begin XCVersionGroup section */
		B56DB3D02049BFAA00D4AA8E /* WooCommerce.xcdatamodeld */ = {
			isa = XCVersionGroup;
			children = (
				B56DB3D12049BFAA00D4AA8E /* WooCommerce.xcdatamodel */,
			);
			currentVersion = B56DB3D12049BFAA00D4AA8E /* WooCommerce.xcdatamodel */;
			path = WooCommerce.xcdatamodeld;
			sourceTree = "<group>";
			versionGroupType = wrapper.xcdatamodel;
		};
/* End XCVersionGroup section */
	};
	rootObject = B56DB3BE2049BFAA00D4AA8E /* Project object */;
}
