{
  "originHash" : "f2f7b4585393ebf464885986c1da5d0a04c6032495d823e3a8413cec09992947",
  "pins" : [
    {
      "identity" : "automattic-tracks-ios",
      "kind" : "remoteSourceControl",
      "location" : "https://github.com/Automattic/Automattic-Tracks-iOS",
      "state" : {
        "revision" : "437f586a62c07c6ceec9baf043237b2afe7ea1ac",
        "version" : "3.5.2"
      }
    },
    {
      "identity" : "sentry-cocoa",
      "kind" : "remoteSourceControl",
      "location" : "https://github.com/getsentry/sentry-cocoa",
      "state" : {
        "revision" : "d87b07a27cd9a082d367261d7199a96a54e59f1d",
        "version" : "8.50.2"
      }
    },
    {
      "identity" : "swift-sodium",
      "kind" : "remoteSourceControl",
      "location" : "https://github.com/jedisct1/swift-sodium",
      "state" : {
        "revision" : "4f9164a0a2c9a6a7ff53a2833d54a5c79c957342",
        "version" : "0.9.1"
      }
    },
    {
      "identity" : "uideviceidentifier",
      "kind" : "remoteSourceControl",
      "location" : "https://github.com/squarefrog/UIDeviceIdentifier",
      "state" : {
        "revision" : "4699794b08bb79a4d77785edaba6ea739e298e4b",
        "version" : "2.3.0"
      }
    }
  ],
  "version" : 3
}
