// !$*UTF8*$!
{
	archiveVersion = 1;
	classes = {
	};
	objectVersion = 77;
	objects = {

/* Begin PBXBuildFile section */
		283F67E22EAE44921C9E2F6E /* Pods_WordPressAuthenticator.framework in Frameworks */ = {isa = PBXBuildFile; fileRef = 939607DA81ACB83055FE4182 /* Pods_WordPressAuthenticator.framework */; };
		3F096C462D23F17E00D8ACCE /* WordPressAuthenticator.framework in Frameworks */ = {isa = PBXBuildFile; fileRef = 3F096C3D2D23F17E00D8ACCE /* WordPressAuthenticator.framework */; };
		3F096E432D23F26A00D8ACCE /* AuthenticationServices.framework in Frameworks */ = {isa = PBXBuildFile; fileRef = 3F096E422D23F26A00D8ACCE /* AuthenticationServices.framework */; };
		3F0972252D242A3500D8ACCE /* Workspace-Shared.xcconfig in Resources */ = {isa = PBXBuildFile; fileRef = 3F0972242D242A3500D8ACCE /* Workspace-Shared.xcconfig */; };
		C3D30112321A616F9CE1AEFA /* Pods_WordPressAuthenticatorTests.framework in Frameworks */ = {isa = PBXBuildFile; fileRef = AF1621FA32534308E2BF53B9 /* Pods_WordPressAuthenticatorTests.framework */; };
/* End PBXBuildFile section */

/* Begin PBXContainerItemProxy section */
		3F096C472D23F17E00D8ACCE /* PBXContainerItemProxy */ = {
			isa = PBXContainerItemProxy;
			containerPortal = 3F096C342D23F17E00D8ACCE /* Project object */;
			proxyType = 1;
			remoteGlobalIDString = 3F096C3C2D23F17E00D8ACCE;
			remoteInfo = WordPressAuthenticator;
		};
/* End PBXContainerItemProxy section */

/* Begin PBXFileReference section */
		16476553AE9C4A64935F3CFB /* Pods-WordPressAuthenticatorTests.release.xcconfig */ = {isa = PBXFileReference; includeInIndex = 1; lastKnownFileType = text.xcconfig; name = "Pods-WordPressAuthenticatorTests.release.xcconfig"; path = "Target Support Files/Pods-WordPressAuthenticatorTests/Pods-WordPressAuthenticatorTests.release.xcconfig"; sourceTree = "<group>"; };
		3F096C3D2D23F17E00D8ACCE /* WordPressAuthenticator.framework */ = {isa = PBXFileReference; explicitFileType = wrapper.framework; includeInIndex = 0; path = WordPressAuthenticator.framework; sourceTree = BUILT_PRODUCTS_DIR; };
		3F096C452D23F17E00D8ACCE /* WordPressAuthenticatorTests.xctest */ = {isa = PBXFileReference; explicitFileType = wrapper.cfbundle; includeInIndex = 0; path = WordPressAuthenticatorTests.xctest; sourceTree = BUILT_PRODUCTS_DIR; };
		3F096E422D23F26A00D8ACCE /* AuthenticationServices.framework */ = {isa = PBXFileReference; lastKnownFileType = wrapper.framework; name = AuthenticationServices.framework; path = Platforms/iPhoneOS.platform/Developer/SDKs/iPhoneOS18.2.sdk/System/Library/Frameworks/AuthenticationServices.framework; sourceTree = DEVELOPER_DIR; };
		3F0972242D242A3500D8ACCE /* Workspace-Shared.xcconfig */ = {isa = PBXFileReference; lastKnownFileType = text.xcconfig; path = "Workspace-Shared.xcconfig"; sourceTree = "<group>"; };
		62CA7B4F90C77F553B816247 /* Pods-WordPressAuthenticatorTests.debug.xcconfig */ = {isa = PBXFileReference; includeInIndex = 1; lastKnownFileType = text.xcconfig; name = "Pods-WordPressAuthenticatorTests.debug.xcconfig"; path = "Target Support Files/Pods-WordPressAuthenticatorTests/Pods-WordPressAuthenticatorTests.debug.xcconfig"; sourceTree = "<group>"; };
		86870EF1CEF88093071235D4 /* Pods-WordPressAuthenticator.debug.xcconfig */ = {isa = PBXFileReference; includeInIndex = 1; lastKnownFileType = text.xcconfig; name = "Pods-WordPressAuthenticator.debug.xcconfig"; path = "Target Support Files/Pods-WordPressAuthenticator/Pods-WordPressAuthenticator.debug.xcconfig"; sourceTree = "<group>"; };
		939607DA81ACB83055FE4182 /* Pods_WordPressAuthenticator.framework */ = {isa = PBXFileReference; explicitFileType = wrapper.framework; includeInIndex = 0; path = Pods_WordPressAuthenticator.framework; sourceTree = BUILT_PRODUCTS_DIR; };
		AF1621FA32534308E2BF53B9 /* Pods_WordPressAuthenticatorTests.framework */ = {isa = PBXFileReference; explicitFileType = wrapper.framework; includeInIndex = 0; path = Pods_WordPressAuthenticatorTests.framework; sourceTree = BUILT_PRODUCTS_DIR; };
		FF50AE37A5639587AE6D9489 /* Pods-WordPressAuthenticator.release.xcconfig */ = {isa = PBXFileReference; includeInIndex = 1; lastKnownFileType = text.xcconfig; name = "Pods-WordPressAuthenticator.release.xcconfig"; path = "Target Support Files/Pods-WordPressAuthenticator/Pods-WordPressAuthenticator.release.xcconfig"; sourceTree = "<group>"; };
/* End PBXFileReference section */

/* Begin PBXFileSystemSynchronizedBuildFileExceptionSet section */
		3F096C4D2D23F17E00D8ACCE /* Exceptions for "WordPressAuthenticator" folder in "WordPressAuthenticator" target */ = {
			isa = PBXFileSystemSynchronizedBuildFileExceptionSet;
			publicHeaders = (
				WordPressAuthenticator.h,
			);
			target = 3F096C3C2D23F17E00D8ACCE /* WordPressAuthenticator */;
		};
/* End PBXFileSystemSynchronizedBuildFileExceptionSet section */

/* Begin PBXFileSystemSynchronizedRootGroup section */
		3F096C3F2D23F17E00D8ACCE /* WordPressAuthenticator */ = {
			isa = PBXFileSystemSynchronizedRootGroup;
			exceptions = (
				3F096C4D2D23F17E00D8ACCE /* Exceptions for "WordPressAuthenticator" folder in "WordPressAuthenticator" target */,
			);
			path = WordPressAuthenticator;
			sourceTree = "<group>";
		};
		3F096C492D23F17E00D8ACCE /* WordPressAuthenticatorTests */ = {
			isa = PBXFileSystemSynchronizedRootGroup;
			path = WordPressAuthenticatorTests;
			sourceTree = "<group>";
		};
/* End PBXFileSystemSynchronizedRootGroup section */

/* Begin PBXFrameworksBuildPhase section */
		3F096C3A2D23F17E00D8ACCE /* Frameworks */ = {
			isa = PBXFrameworksBuildPhase;
			buildActionMask = 2147483647;
			files = (
				3F096E432D23F26A00D8ACCE /* AuthenticationServices.framework in Frameworks */,
				283F67E22EAE44921C9E2F6E /* Pods_WordPressAuthenticator.framework in Frameworks */,
			);
			runOnlyForDeploymentPostprocessing = 0;
		};
		3F096C422D23F17E00D8ACCE /* Frameworks */ = {
			isa = PBXFrameworksBuildPhase;
			buildActionMask = 2147483647;
			files = (
				3F096C462D23F17E00D8ACCE /* WordPressAuthenticator.framework in Frameworks */,
				C3D30112321A616F9CE1AEFA /* Pods_WordPressAuthenticatorTests.framework in Frameworks */,
			);
			runOnlyForDeploymentPostprocessing = 0;
		};
/* End PBXFrameworksBuildPhase section */

/* Begin PBXGroup section */
		3F096C332D23F17E00D8ACCE = {
			isa = PBXGroup;
			children = (
				3F096C3F2D23F17E00D8ACCE /* WordPressAuthenticator */,
				3F096C492D23F17E00D8ACCE /* WordPressAuthenticatorTests */,
				3F096E412D23F26A00D8ACCE /* Frameworks */,
				3F096C3E2D23F17E00D8ACCE /* Products */,
				3F0972242D242A3500D8ACCE /* Workspace-Shared.xcconfig */,
				44DFFFCDF9E42DFC10C896AA /* Pods */,
			);
			sourceTree = "<group>";
		};
		3F096C3E2D23F17E00D8ACCE /* Products */ = {
			isa = PBXGroup;
			children = (
				3F096C3D2D23F17E00D8ACCE /* WordPressAuthenticator.framework */,
				3F096C452D23F17E00D8ACCE /* WordPressAuthenticatorTests.xctest */,
			);
			name = Products;
			sourceTree = "<group>";
		};
		3F096E412D23F26A00D8ACCE /* Frameworks */ = {
			isa = PBXGroup;
			children = (
				3F096E422D23F26A00D8ACCE /* AuthenticationServices.framework */,
				939607DA81ACB83055FE4182 /* Pods_WordPressAuthenticator.framework */,
				AF1621FA32534308E2BF53B9 /* Pods_WordPressAuthenticatorTests.framework */,
			);
			name = Frameworks;
			sourceTree = "<group>";
		};
		44DFFFCDF9E42DFC10C896AA /* Pods */ = {
			isa = PBXGroup;
			children = (
				86870EF1CEF88093071235D4 /* Pods-WordPressAuthenticator.debug.xcconfig */,
				FF50AE37A5639587AE6D9489 /* Pods-WordPressAuthenticator.release.xcconfig */,
				62CA7B4F90C77F553B816247 /* Pods-WordPressAuthenticatorTests.debug.xcconfig */,
				16476553AE9C4A64935F3CFB /* Pods-WordPressAuthenticatorTests.release.xcconfig */,
			);
			name = Pods;
			path = ../Pods;
			sourceTree = "<group>";
		};
/* End PBXGroup section */

/* Begin PBXHeadersBuildPhase section */
		3F096C382D23F17E00D8ACCE /* Headers */ = {
			isa = PBXHeadersBuildPhase;
			buildActionMask = 2147483647;
			files = (
			);
			runOnlyForDeploymentPostprocessing = 0;
		};
/* End PBXHeadersBuildPhase section */

/* Begin PBXNativeTarget section */
		3F096C3C2D23F17E00D8ACCE /* WordPressAuthenticator */ = {
			isa = PBXNativeTarget;
			buildConfigurationList = 3F096C4E2D23F17E00D8ACCE /* Build configuration list for PBXNativeTarget "WordPressAuthenticator" */;
			buildPhases = (
				87C4697123C235D7B44A8AD8 /* [CP] Check Pods Manifest.lock */,
				3F096C382D23F17E00D8ACCE /* Headers */,
				3F096C392D23F17E00D8ACCE /* Sources */,
				3F096C3A2D23F17E00D8ACCE /* Frameworks */,
				3F096C3B2D23F17E00D8ACCE /* Resources */,
			);
			buildRules = (
			);
			dependencies = (
			);
			fileSystemSynchronizedGroups = (
				3F096C3F2D23F17E00D8ACCE /* WordPressAuthenticator */,
			);
			name = WordPressAuthenticator;
			productName = WordPressAuthenticator;
			productReference = 3F096C3D2D23F17E00D8ACCE /* WordPressAuthenticator.framework */;
			productType = "com.apple.product-type.framework";
		};
		3F096C442D23F17E00D8ACCE /* WordPressAuthenticatorTests */ = {
			isa = PBXNativeTarget;
			buildConfigurationList = 3F096C532D23F17E00D8ACCE /* Build configuration list for PBXNativeTarget "WordPressAuthenticatorTests" */;
			buildPhases = (
				2C7C22C6FCE6316272B05846 /* [CP] Check Pods Manifest.lock */,
				3F096C412D23F17E00D8ACCE /* Sources */,
				3F096C422D23F17E00D8ACCE /* Frameworks */,
				3F096C432D23F17E00D8ACCE /* Resources */,
				799383F6AF9AC8C364F7D8B3 /* [CP] Embed Pods Frameworks */,
			);
			buildRules = (
			);
			dependencies = (
				3F096C482D23F17E00D8ACCE /* PBXTargetDependency */,
			);
			fileSystemSynchronizedGroups = (
				3F096C492D23F17E00D8ACCE /* WordPressAuthenticatorTests */,
			);
			name = WordPressAuthenticatorTests;
			productName = WordPressAuthenticatorTests;
			productReference = 3F096C452D23F17E00D8ACCE /* WordPressAuthenticatorTests.xctest */;
			productType = "com.apple.product-type.bundle.unit-test";
		};
/* End PBXNativeTarget section */

/* Begin PBXProject section */
		3F096C342D23F17E00D8ACCE /* Project object */ = {
			isa = PBXProject;
			attributes = {
				BuildIndependentTargetsInParallel = 1;
				LastSwiftUpdateCheck = 1620;
				LastUpgradeCheck = 1620;
				TargetAttributes = {
					3F096C3C2D23F17E00D8ACCE = {
						CreatedOnToolsVersion = 16.2;
					};
					3F096C442D23F17E00D8ACCE = {
						CreatedOnToolsVersion = 16.2;
					};
				};
			};
			buildConfigurationList = 3F096C372D23F17E00D8ACCE /* Build configuration list for PBXProject "WordPressAuthenticator" */;
			developmentRegion = en;
			hasScannedForEncodings = 0;
			knownRegions = (
				en,
				Base,
			);
			mainGroup = 3F096C332D23F17E00D8ACCE;
			minimizedProjectReferenceProxies = 1;
			preferredProjectObjectVersion = 77;
			productRefGroup = 3F096C3E2D23F17E00D8ACCE /* Products */;
			projectDirPath = "";
			projectRoot = "";
			targets = (
				3F096C3C2D23F17E00D8ACCE /* WordPressAuthenticator */,
				3F096C442D23F17E00D8ACCE /* WordPressAuthenticatorTests */,
			);
		};
/* End PBXProject section */

/* Begin PBXResourcesBuildPhase section */
		3F096C3B2D23F17E00D8ACCE /* Resources */ = {
			isa = PBXResourcesBuildPhase;
			buildActionMask = 2147483647;
			files = (
				3F0972252D242A3500D8ACCE /* Workspace-Shared.xcconfig in Resources */,
			);
			runOnlyForDeploymentPostprocessing = 0;
		};
		3F096C432D23F17E00D8ACCE /* Resources */ = {
			isa = PBXResourcesBuildPhase;
			buildActionMask = 2147483647;
			files = (
			);
			runOnlyForDeploymentPostprocessing = 0;
		};
/* End PBXResourcesBuildPhase section */

/* Begin PBXShellScriptBuildPhase section */
		2C7C22C6FCE6316272B05846 /* [CP] Check Pods Manifest.lock */ = {
			isa = PBXShellScriptBuildPhase;
			buildActionMask = 2147483647;
			files = (
			);
			inputFileListPaths = (
			);
			inputPaths = (
				"${PODS_PODFILE_DIR_PATH}/Podfile.lock",
				"${PODS_ROOT}/Manifest.lock",
			);
			name = "[CP] Check Pods Manifest.lock";
			outputFileListPaths = (
			);
			outputPaths = (
				"$(DERIVED_FILE_DIR)/Pods-WordPressAuthenticatorTests-checkManifestLockResult.txt",
			);
			runOnlyForDeploymentPostprocessing = 0;
			shellPath = /bin/sh;
			shellScript = "diff \"${PODS_PODFILE_DIR_PATH}/Podfile.lock\" \"${PODS_ROOT}/Manifest.lock\" > /dev/null\nif [ $? != 0 ] ; then\n    # print error to STDERR\n    echo \"error: The sandbox is not in sync with the Podfile.lock. Run 'pod install' or update your CocoaPods installation.\" >&2\n    exit 1\nfi\n# This output is used by Xcode 'outputs' to avoid re-running this script phase.\necho \"SUCCESS\" > \"${SCRIPT_OUTPUT_FILE_0}\"\n";
			showEnvVarsInLog = 0;
		};
		799383F6AF9AC8C364F7D8B3 /* [CP] Embed Pods Frameworks */ = {
			isa = PBXShellScriptBuildPhase;
			buildActionMask = 2147483647;
			files = (
			);
			inputFileListPaths = (
				"${PODS_ROOT}/Target Support Files/Pods-WordPressAuthenticatorTests/Pods-WordPressAuthenticatorTests-frameworks-${CONFIGURATION}-input-files.xcfilelist",
			);
			name = "[CP] Embed Pods Frameworks";
			outputFileListPaths = (
				"${PODS_ROOT}/Target Support Files/Pods-WordPressAuthenticatorTests/Pods-WordPressAuthenticatorTests-frameworks-${CONFIGURATION}-output-files.xcfilelist",
			);
			runOnlyForDeploymentPostprocessing = 0;
			shellPath = /bin/sh;
			shellScript = "\"${PODS_ROOT}/Target Support Files/Pods-WordPressAuthenticatorTests/Pods-WordPressAuthenticatorTests-frameworks.sh\"\n";
			showEnvVarsInLog = 0;
		};
		87C4697123C235D7B44A8AD8 /* [CP] Check Pods Manifest.lock */ = {
			isa = PBXShellScriptBuildPhase;
			buildActionMask = 2147483647;
			files = (
			);
			inputFileListPaths = (
			);
			inputPaths = (
				"${PODS_PODFILE_DIR_PATH}/Podfile.lock",
				"${PODS_ROOT}/Manifest.lock",
			);
			name = "[CP] Check Pods Manifest.lock";
			outputFileListPaths = (
			);
			outputPaths = (
				"$(DERIVED_FILE_DIR)/Pods-WordPressAuthenticator-checkManifestLockResult.txt",
			);
			runOnlyForDeploymentPostprocessing = 0;
			shellPath = /bin/sh;
			shellScript = "diff \"${PODS_PODFILE_DIR_PATH}/Podfile.lock\" \"${PODS_ROOT}/Manifest.lock\" > /dev/null\nif [ $? != 0 ] ; then\n    # print error to STDERR\n    echo \"error: The sandbox is not in sync with the Podfile.lock. Run 'pod install' or update your CocoaPods installation.\" >&2\n    exit 1\nfi\n# This output is used by Xcode 'outputs' to avoid re-running this script phase.\necho \"SUCCESS\" > \"${SCRIPT_OUTPUT_FILE_0}\"\n";
			showEnvVarsInLog = 0;
		};
/* End PBXShellScriptBuildPhase section */

/* Begin PBXSourcesBuildPhase section */
		3F096C392D23F17E00D8ACCE /* Sources */ = {
			isa = PBXSourcesBuildPhase;
			buildActionMask = 2147483647;
			files = (
			);
			runOnlyForDeploymentPostprocessing = 0;
		};
		3F096C412D23F17E00D8ACCE /* Sources */ = {
			isa = PBXSourcesBuildPhase;
			buildActionMask = 2147483647;
			files = (
			);
			runOnlyForDeploymentPostprocessing = 0;
		};
/* End PBXSourcesBuildPhase section */

/* Begin PBXTargetDependency section */
		3F096C482D23F17E00D8ACCE /* PBXTargetDependency */ = {
			isa = PBXTargetDependency;
			target = 3F096C3C2D23F17E00D8ACCE /* WordPressAuthenticator */;
			targetProxy = 3F096C472D23F17E00D8ACCE /* PBXContainerItemProxy */;
		};
/* End PBXTargetDependency section */

/* Begin XCBuildConfiguration section */
		3F096C4F2D23F17E00D8ACCE /* Debug */ = {
			isa = XCBuildConfiguration;
			baseConfigurationReference = 86870EF1CEF88093071235D4 /* Pods-WordPressAuthenticator.debug.xcconfig */;
			buildSettings = {
				CODE_SIGN_STYLE = Automatic;
				CURRENT_PROJECT_VERSION = 1;
				DEFINES_MODULE = YES;
				DYLIB_COMPATIBILITY_VERSION = 1;
				DYLIB_CURRENT_VERSION = 1;
				DYLIB_INSTALL_NAME_BASE = "@rpath";
				ENABLE_USER_SCRIPT_SANDBOXING = YES;
				GENERATE_INFOPLIST_FILE = YES;
				INFOPLIST_KEY_NSHumanReadableCopyright = "Copyright © 2025 Automattic. All rights reserved.";
				INSTALL_PATH = "$(LOCAL_LIBRARY_DIR)/Frameworks";
				LD_RUNPATH_SEARCH_PATHS = (
					"$(inherited)",
					"@executable_path/Frameworks",
					"@loader_path/Frameworks",
				);
				MARKETING_VERSION = 1.0;
				MODULE_VERIFIER_SUPPORTED_LANGUAGES = "objective-c objective-c++";
				MODULE_VERIFIER_SUPPORTED_LANGUAGE_STANDARDS = "gnu17 gnu++20";
				PRODUCT_BUNDLE_IDENTIFIER = com.automattic.WordPressAuthenticator;
				PRODUCT_NAME = "$(TARGET_NAME:c99extidentifier)";
				SDKROOT = iphoneos;
				SKIP_INSTALL = YES;
				SWIFT_EMIT_LOC_STRINGS = YES;
				SWIFT_INSTALL_OBJC_HEADER = NO;
				SWIFT_VERSION = 5.0;
				TARGETED_DEVICE_FAMILY = "1,2";
			};
			name = Debug;
		};
		3F096C502D23F17E00D8ACCE /* Release */ = {
			isa = XCBuildConfiguration;
			baseConfigurationReference = FF50AE37A5639587AE6D9489 /* Pods-WordPressAuthenticator.release.xcconfig */;
			buildSettings = {
				CODE_SIGN_STYLE = Automatic;
				CURRENT_PROJECT_VERSION = 1;
				DEFINES_MODULE = YES;
				DYLIB_COMPATIBILITY_VERSION = 1;
				DYLIB_CURRENT_VERSION = 1;
				DYLIB_INSTALL_NAME_BASE = "@rpath";
				ENABLE_USER_SCRIPT_SANDBOXING = YES;
				GENERATE_INFOPLIST_FILE = YES;
				INFOPLIST_KEY_NSHumanReadableCopyright = "Copyright © 2025 Automattic. All rights reserved.";
				INSTALL_PATH = "$(LOCAL_LIBRARY_DIR)/Frameworks";
				LD_RUNPATH_SEARCH_PATHS = (
					"$(inherited)",
					"@executable_path/Frameworks",
					"@loader_path/Frameworks",
				);
				MARKETING_VERSION = 1.0;
				MODULE_VERIFIER_SUPPORTED_LANGUAGES = "objective-c objective-c++";
				MODULE_VERIFIER_SUPPORTED_LANGUAGE_STANDARDS = "gnu17 gnu++20";
				PRODUCT_BUNDLE_IDENTIFIER = com.automattic.WordPressAuthenticator;
				PRODUCT_NAME = "$(TARGET_NAME:c99extidentifier)";
				SDKROOT = iphoneos;
				SKIP_INSTALL = YES;
				SWIFT_EMIT_LOC_STRINGS = YES;
				SWIFT_INSTALL_OBJC_HEADER = NO;
				SWIFT_VERSION = 5.0;
				TARGETED_DEVICE_FAMILY = "1,2";
			};
			name = Release;
		};
		3F096C512D23F17E00D8ACCE /* Debug */ = {
			isa = XCBuildConfiguration;
			baseConfigurationReference = 3F0972242D242A3500D8ACCE /* Workspace-Shared.xcconfig */;
			buildSettings = {
				ALWAYS_SEARCH_USER_PATHS = NO;
				CLANG_ANALYZER_LOCALIZABILITY_NONLOCALIZED = YES;
				CLANG_ANALYZER_NONNULL = YES;
				CLANG_ANALYZER_NUMBER_OBJECT_CONVERSION = YES_AGGRESSIVE;
				CLANG_CXX_LANGUAGE_STANDARD = "gnu++20";
				CLANG_ENABLE_MODULES = YES;
				CLANG_ENABLE_OBJC_ARC = YES;
				CLANG_ENABLE_OBJC_WEAK = YES;
				CLANG_WARN_BLOCK_CAPTURE_AUTORELEASING = YES;
				CLANG_WARN_BOOL_CONVERSION = YES;
				CLANG_WARN_COMMA = YES;
				CLANG_WARN_CONSTANT_CONVERSION = YES;
				CLANG_WARN_DEPRECATED_OBJC_IMPLEMENTATIONS = YES;
				CLANG_WARN_DIRECT_OBJC_ISA_USAGE = YES_ERROR;
				CLANG_WARN_DOCUMENTATION_COMMENTS = YES;
				CLANG_WARN_EMPTY_BODY = YES;
				CLANG_WARN_ENUM_CONVERSION = YES;
				CLANG_WARN_INFINITE_RECURSION = YES;
				CLANG_WARN_INT_CONVERSION = YES;
				CLANG_WARN_NON_LITERAL_NULL_CONVERSION = YES;
				CLANG_WARN_OBJC_IMPLICIT_RETAIN_SELF = YES;
				CLANG_WARN_OBJC_LITERAL_CONVERSION = YES;
				CLANG_WARN_OBJC_ROOT_CLASS = YES_ERROR;
				CLANG_WARN_QUOTED_INCLUDE_IN_FRAMEWORK_HEADER = YES;
				CLANG_WARN_RANGE_LOOP_ANALYSIS = YES;
				CLANG_WARN_STRICT_PROTOTYPES = YES;
				CLANG_WARN_SUSPICIOUS_MOVE = YES;
				CLANG_WARN_UNGUARDED_AVAILABILITY = YES_AGGRESSIVE;
				CLANG_WARN_UNREACHABLE_CODE = YES;
				CLANG_WARN__DUPLICATE_METHOD_MATCH = YES;
				COPY_PHASE_STRIP = NO;
				CURRENT_PROJECT_VERSION = 1;
				DEBUG_INFORMATION_FORMAT = dwarf;
				ENABLE_STRICT_OBJC_MSGSEND = YES;
				ENABLE_TESTABILITY = YES;
				GCC_C_LANGUAGE_STANDARD = gnu17;
				GCC_DYNAMIC_NO_PIC = NO;
				GCC_NO_COMMON_BLOCKS = YES;
				GCC_OPTIMIZATION_LEVEL = 0;
				GCC_PREPROCESSOR_DEFINITIONS = (
					"DEBUG=1",
					"$(inherited)",
				);
				GCC_WARN_64_TO_32_BIT_CONVERSION = YES;
				GCC_WARN_ABOUT_RETURN_TYPE = YES_ERROR;
				GCC_WARN_UNDECLARED_SELECTOR = YES;
				GCC_WARN_UNINITIALIZED_AUTOS = YES_AGGRESSIVE;
				GCC_WARN_UNUSED_FUNCTION = YES;
				GCC_WARN_UNUSED_VARIABLE = YES;
				LOCALIZATION_PREFERS_STRING_CATALOGS = YES;
				MTL_ENABLE_DEBUG_INFO = INCLUDE_SOURCE;
				MTL_FAST_MATH = YES;
				ONLY_ACTIVE_ARCH = YES;
				SDKROOT = iphoneos;
				SWIFT_ACTIVE_COMPILATION_CONDITIONS = "DEBUG $(inherited)";
				SWIFT_OPTIMIZATION_LEVEL = "-Onone";
				VERSION_INFO_PREFIX = "";
			};
			name = Debug;
		};
		3F096C522D23F17E00D8ACCE /* Release */ = {
			isa = XCBuildConfiguration;
			baseConfigurationReference = 3F0972242D242A3500D8ACCE /* Workspace-Shared.xcconfig */;
			buildSettings = {
				ALWAYS_SEARCH_USER_PATHS = NO;
				CLANG_ANALYZER_LOCALIZABILITY_NONLOCALIZED = YES;
				CLANG_ANALYZER_NONNULL = YES;
				CLANG_ANALYZER_NUMBER_OBJECT_CONVERSION = YES_AGGRESSIVE;
				CLANG_CXX_LANGUAGE_STANDARD = "gnu++20";
				CLANG_ENABLE_MODULES = YES;
				CLANG_ENABLE_OBJC_ARC = YES;
				CLANG_ENABLE_OBJC_WEAK = YES;
				CLANG_WARN_BLOCK_CAPTURE_AUTORELEASING = YES;
				CLANG_WARN_BOOL_CONVERSION = YES;
				CLANG_WARN_COMMA = YES;
				CLANG_WARN_CONSTANT_CONVERSION = YES;
				CLANG_WARN_DEPRECATED_OBJC_IMPLEMENTATIONS = YES;
				CLANG_WARN_DIRECT_OBJC_ISA_USAGE = YES_ERROR;
				CLANG_WARN_DOCUMENTATION_COMMENTS = YES;
				CLANG_WARN_EMPTY_BODY = YES;
				CLANG_WARN_ENUM_CONVERSION = YES;
				CLANG_WARN_INFINITE_RECURSION = YES;
				CLANG_WARN_INT_CONVERSION = YES;
				CLANG_WARN_NON_LITERAL_NULL_CONVERSION = YES;
				CLANG_WARN_OBJC_IMPLICIT_RETAIN_SELF = YES;
				CLANG_WARN_OBJC_LITERAL_CONVERSION = YES;
				CLANG_WARN_OBJC_ROOT_CLASS = YES_ERROR;
				CLANG_WARN_QUOTED_INCLUDE_IN_FRAMEWORK_HEADER = YES;
				CLANG_WARN_RANGE_LOOP_ANALYSIS = YES;
				CLANG_WARN_STRICT_PROTOTYPES = YES;
				CLANG_WARN_SUSPICIOUS_MOVE = YES;
				CLANG_WARN_UNGUARDED_AVAILABILITY = YES_AGGRESSIVE;
				CLANG_WARN_UNREACHABLE_CODE = YES;
				CLANG_WARN__DUPLICATE_METHOD_MATCH = YES;
				COPY_PHASE_STRIP = NO;
				CURRENT_PROJECT_VERSION = 1;
				DEBUG_INFORMATION_FORMAT = "dwarf-with-dsym";
				ENABLE_NS_ASSERTIONS = NO;
				ENABLE_STRICT_OBJC_MSGSEND = YES;
				GCC_C_LANGUAGE_STANDARD = gnu17;
				GCC_NO_COMMON_BLOCKS = YES;
				GCC_WARN_64_TO_32_BIT_CONVERSION = YES;
				GCC_WARN_ABOUT_RETURN_TYPE = YES_ERROR;
				GCC_WARN_UNDECLARED_SELECTOR = YES;
				GCC_WARN_UNINITIALIZED_AUTOS = YES_AGGRESSIVE;
				GCC_WARN_UNUSED_FUNCTION = YES;
				GCC_WARN_UNUSED_VARIABLE = YES;
				LOCALIZATION_PREFERS_STRING_CATALOGS = YES;
				MTL_ENABLE_DEBUG_INFO = NO;
				MTL_FAST_MATH = YES;
				SDKROOT = iphoneos;
				SWIFT_COMPILATION_MODE = wholemodule;
				VERSION_INFO_PREFIX = "";
			};
			name = Release;
		};
		3F096C542D23F17E00D8ACCE /* Debug */ = {
			isa = XCBuildConfiguration;
			baseConfigurationReference = 62CA7B4F90C77F553B816247 /* Pods-WordPressAuthenticatorTests.debug.xcconfig */;
			buildSettings = {
				CODE_SIGN_STYLE = Automatic;
				CURRENT_PROJECT_VERSION = 1;
				GENERATE_INFOPLIST_FILE = YES;
				MARKETING_VERSION = 1.0;
				PRODUCT_BUNDLE_IDENTIFIER = com.automattic.WordPressAuthenticatorTests;
				PRODUCT_NAME = "$(TARGET_NAME)";
				SWIFT_EMIT_LOC_STRINGS = NO;
				SWIFT_VERSION = 5.0;
				TARGETED_DEVICE_FAMILY = "1,2";
			};
			name = Debug;
		};
		3F096C552D23F17E00D8ACCE /* Release */ = {
			isa = XCBuildConfiguration;
			baseConfigurationReference = 16476553AE9C4A64935F3CFB /* Pods-WordPressAuthenticatorTests.release.xcconfig */;
			buildSettings = {
				CODE_SIGN_STYLE = Automatic;
				CURRENT_PROJECT_VERSION = 1;
				GENERATE_INFOPLIST_FILE = YES;
				MARKETING_VERSION = 1.0;
				PRODUCT_BUNDLE_IDENTIFIER = com.automattic.WordPressAuthenticatorTests;
				PRODUCT_NAME = "$(TARGET_NAME)";
				SWIFT_EMIT_LOC_STRINGS = NO;
				SWIFT_VERSION = 5.0;
				TARGETED_DEVICE_FAMILY = "1,2";
			};
			name = Release;
		};
/* End XCBuildConfiguration section */

/* Begin XCConfigurationList section */
		3F096C372D23F17E00D8ACCE /* Build configuration list for PBXProject "WordPressAuthenticator" */ = {
			isa = XCConfigurationList;
			buildConfigurations = (
				3F096C512D23F17E00D8ACCE /* Debug */,
				3F096C522D23F17E00D8ACCE /* Release */,
			);
			defaultConfigurationIsVisible = 0;
			defaultConfigurationName = Release;
		};
		3F096C4E2D23F17E00D8ACCE /* Build configuration list for PBXNativeTarget "WordPressAuthenticator" */ = {
			isa = XCConfigurationList;
			buildConfigurations = (
				3F096C4F2D23F17E00D8ACCE /* Debug */,
				3F096C502D23F17E00D8ACCE /* Release */,
			);
			defaultConfigurationIsVisible = 0;
			defaultConfigurationName = Release;
		};
		3F096C532D23F17E00D8ACCE /* Build configuration list for PBXNativeTarget "WordPressAuthenticatorTests" */ = {
			isa = XCConfigurationList;
			buildConfigurations = (
				3F096C542D23F17E00D8ACCE /* Debug */,
				3F096C552D23F17E00D8ACCE /* Release */,
			);
			defaultConfigurationIsVisible = 0;
			defaultConfigurationName = Release;
		};
/* End XCConfigurationList section */
	};
	rootObject = 3F096C342D23F17E00D8ACCE /* Project object */;
}
